// !$*UTF8*$!
{
	archiveVersion = 1;
	classes = {
	};
	objectVersion = 50;
	objects = {

/* Begin PBXBuildFile section */
		6905F94B2135147200CEC69E /* AlimentosCollectionViewController.swift in Sources */ = {isa = PBXBuildFile; fileRef = 6905F94A2135147200CEC69E /* AlimentosCollectionViewController.swift */; };
		6905F94D2135158800CEC69E /* AlimentoCollectionViewCell.swift in Sources */ = {isa = PBXBuildFile; fileRef = 6905F94C2135158800CEC69E /* AlimentoCollectionViewCell.swift */; };
		6907547F2139036300953A8D /* Manzana.png in Resources */ = {isa = PBXBuildFile; fileRef = 6907547E2139036000953A8D /* Manzana.png */; };
		690F2D84213B5D2900290D41 /* Jitomate Saladette.png in Resources */ = {isa = PBXBuildFile; fileRef = 690F2D83213B5D2900290D41 /* Jitomate Saladette.png */; };
		690F2D86213B5F7800290D41 /* Lechuga Orejona.png in Resources */ = {isa = PBXBuildFile; fileRef = 690F2D85213B5F7800290D41 /* Lechuga Orejona.png */; };
		690F2D88213B60C900290D41 /* Cebolla Blanca.png in Resources */ = {isa = PBXBuildFile; fileRef = 690F2D87213B60C800290D41 /* Cebolla Blanca.png */; };
		690F2D8B213B618500290D41 /* Zanahoria.png in Resources */ = {isa = PBXBuildFile; fileRef = 690F2D89213B618400290D41 /* Zanahoria.png */; };
		690F2D8C213B618500290D41 /* Lechuga Romana.png in Resources */ = {isa = PBXBuildFile; fileRef = 690F2D8A213B618500290D41 /* Lechuga Romana.png */; };
		690F2D8E213B68AC00290D41 /* Papa Blanca.png in Resources */ = {isa = PBXBuildFile; fileRef = 690F2D8D213B68AC00290D41 /* Papa Blanca.png */; };
		690F2D90213B69EA00290D41 /* Aguacate Hass.png in Resources */ = {isa = PBXBuildFile; fileRef = 690F2D8F213B69EA00290D41 /* Aguacate Hass.png */; };
		690F2D92213B6AC700290D41 /* Chile Serrano.png in Resources */ = {isa = PBXBuildFile; fileRef = 690F2D91213B6AC600290D41 /* Chile Serrano.png */; };
		690FE1D5215E879D003DCB66 /* Atun en Agua o AceiteL.png in Resources */ = {isa = PBXBuildFile; fileRef = 690FE1D3215E879C003DCB66 /* Atun en Agua o AceiteL.png */; };
		690FE1D6215E879D003DCB66 /* Atun en Agua o Aceite.png in Resources */ = {isa = PBXBuildFile; fileRef = 690FE1D4215E879D003DCB66 /* Atun en Agua o Aceite.png */; };
		690FE1D9215E884B003DCB66 /* Sal RefinadaL.png in Resources */ = {isa = PBXBuildFile; fileRef = 690FE1D7215E884B003DCB66 /* Sal RefinadaL.png */; };
		690FE1DA215E884B003DCB66 /* Sal Refinada.png in Resources */ = {isa = PBXBuildFile; fileRef = 690FE1D8215E884B003DCB66 /* Sal Refinada.png */; };
		690FE1DD215E8B1F003DCB66 /* Azucar Estandar.png in Resources */ = {isa = PBXBuildFile; fileRef = 690FE1DB215E8B1F003DCB66 /* Azucar Estandar.png */; };
		690FE1DE215E8B1F003DCB66 /* Azucar EstandarL.png in Resources */ = {isa = PBXBuildFile; fileRef = 690FE1DC215E8B1F003DCB66 /* Azucar EstandarL.png */; };
		690FE1E1215E8BCA003DCB66 /* CafeL.png in Resources */ = {isa = PBXBuildFile; fileRef = 690FE1DF215E8BCA003DCB66 /* CafeL.png */; };
		690FE1E2215E8BCA003DCB66 /* Cafe.png in Resources */ = {isa = PBXBuildFile; fileRef = 690FE1E0215E8BCA003DCB66 /* Cafe.png */; };
		6915F7EF212522670084BB18 /* number3.png in Resources */ = {isa = PBXBuildFile; fileRef = 6915F7EC212522640084BB18 /* number3.png */; };
		6915F7F0212522670084BB18 /* number1.png in Resources */ = {isa = PBXBuildFile; fileRef = 6915F7ED212522650084BB18 /* number1.png */; };
		6915F7F1212522670084BB18 /* number2.png in Resources */ = {isa = PBXBuildFile; fileRef = 6915F7EE212522660084BB18 /* number2.png */; };
		69400A51214F6D940084A313 /* ZanahoriaL.png in Resources */ = {isa = PBXBuildFile; fileRef = 69400A50214F6D940084A313 /* ZanahoriaL.png */; };
		694AA03A215E8E280035475B /* Leche Pasteurizada.png in Resources */ = {isa = PBXBuildFile; fileRef = 694AA038215E8E270035475B /* Leche Pasteurizada.png */; };
		694AA03B215E8E280035475B /* Leche PasteutizadaL.png in Resources */ = {isa = PBXBuildFile; fileRef = 694AA039215E8E280035475B /* Leche PasteutizadaL.png */; };
		694AA03E215E8F530035475B /* Leche Liconsa.png in Resources */ = {isa = PBXBuildFile; fileRef = 694AA03C215E8F520035475B /* Leche Liconsa.png */; };
		694AA03F215E8F530035475B /* Leche LiconsaL.png in Resources */ = {isa = PBXBuildFile; fileRef = 694AA03D215E8F530035475B /* Leche LiconsaL.png */; };
		694AA042215E8FBA0035475B /* Queso BlancoL.png in Resources */ = {isa = PBXBuildFile; fileRef = 694AA040215E8FBA0035475B /* Queso BlancoL.png */; };
		694AA043215E8FBA0035475B /* Queso Blanco.png in Resources */ = {isa = PBXBuildFile; fileRef = 694AA041215E8FBA0035475B /* Queso Blanco.png */; };
		694AA046215E90B10035475B /* AguaL.png in Resources */ = {isa = PBXBuildFile; fileRef = 694AA044215E90B10035475B /* AguaL.png */; };
		694AA047215E90B10035475B /* Agua.png in Resources */ = {isa = PBXBuildFile; fileRef = 694AA045215E90B10035475B /* Agua.png */; };
		694AA04A215E917A0035475B /* Pan Dulce.png in Resources */ = {isa = PBXBuildFile; fileRef = 694AA048215E91790035475B /* Pan Dulce.png */; };
		694AA04B215E917A0035475B /* Pan DulceL.png in Resources */ = {isa = PBXBuildFile; fileRef = 694AA049215E917A0035475B /* Pan DulceL.png */; };
		694AA04E215E921A0035475B /* Bolillo.png in Resources */ = {isa = PBXBuildFile; fileRef = 694AA04C215E92190035475B /* Bolillo.png */; };
		694AA04F215E921A0035475B /* BolilloL.png in Resources */ = {isa = PBXBuildFile; fileRef = 694AA04D215E92190035475B /* BolilloL.png */; };
		694AA052215E92C90035475B /* Tortilla de Maiz.png in Resources */ = {isa = PBXBuildFile; fileRef = 694AA050215E92C80035475B /* Tortilla de Maiz.png */; };
		694AA053215E92C90035475B /* Tortilla de MaizL.png in Resources */ = {isa = PBXBuildFile; fileRef = 694AA051215E92C80035475B /* Tortilla de MaizL.png */; };
		694AA056215E93AB0035475B /* Jabon de TocadorL.png in Resources */ = {isa = PBXBuildFile; fileRef = 694AA054215E93AB0035475B /* Jabon de TocadorL.png */; };
		694AA057215E93AB0035475B /* Jabon de Tocador.png in Resources */ = {isa = PBXBuildFile; fileRef = 694AA055215E93AB0035475B /* Jabon de Tocador.png */; };
		694AA05A215E94E60035475B /* Detergente en PolvoL.png in Resources */ = {isa = PBXBuildFile; fileRef = 694AA058215E94E50035475B /* Detergente en PolvoL.png */; };
		694AA05B215E94E60035475B /* Detergente en Polvo.png in Resources */ = {isa = PBXBuildFile; fileRef = 694AA059215E94E50035475B /* Detergente en Polvo.png */; };
		694AA05E215E957A0035475B /* Huevo.png in Resources */ = {isa = PBXBuildFile; fileRef = 694AA05C215E95790035475B /* Huevo.png */; };
		694AA05F215E957A0035475B /* HuevoL.png in Resources */ = {isa = PBXBuildFile; fileRef = 694AA05D215E95790035475B /* HuevoL.png */; };
		694AA062215E96120035475B /* NopalesL.png in Resources */ = {isa = PBXBuildFile; fileRef = 694AA060215E96110035475B /* NopalesL.png */; };
		694AA063215E96120035475B /* Nopales.png in Resources */ = {isa = PBXBuildFile; fileRef = 694AA061215E96110035475B /* Nopales.png */; };
		694AA066215E96920035475B /* Papel Higienico.png in Resources */ = {isa = PBXBuildFile; fileRef = 694AA064215E96910035475B /* Papel Higienico.png */; };
		694AA067215E96920035475B /* Papel HigienicoL.png in Resources */ = {isa = PBXBuildFile; fileRef = 694AA065215E96920035475B /* Papel HigienicoL.png */; };
		694AA06A215E97000035475B /* Tomate VerdeL.png in Resources */ = {isa = PBXBuildFile; fileRef = 694AA068215E96FF0035475B /* Tomate VerdeL.png */; };
		694AA06B215E97000035475B /* Tomate Verde.png in Resources */ = {isa = PBXBuildFile; fileRef = 694AA069215E97000035475B /* Tomate Verde.png */; };
		694AA06E215E97FE0035475B /* CalabacitaL.png in Resources */ = {isa = PBXBuildFile; fileRef = 694AA06C215E97FD0035475B /* CalabacitaL.png */; };
		694AA06F215E97FE0035475B /* Calabacita.png in Resources */ = {isa = PBXBuildFile; fileRef = 694AA06D215E97FE0035475B /* Calabacita.png */; };
		6953CFB721224ADA0061B7EE /* AppDelegate.swift in Sources */ = {isa = PBXBuildFile; fileRef = 6953CFB621224ADA0061B7EE /* AppDelegate.swift */; };
		6953CFB921224ADA0061B7EE /* ViewController.swift in Sources */ = {isa = PBXBuildFile; fileRef = 6953CFB821224ADA0061B7EE /* ViewController.swift */; };
		6953CFBC21224ADA0061B7EE /* Main.storyboard in Resources */ = {isa = PBXBuildFile; fileRef = 6953CFBA21224ADA0061B7EE /* Main.storyboard */; };
		6953CFBE21224ADD0061B7EE /* Assets.xcassets in Resources */ = {isa = PBXBuildFile; fileRef = 6953CFBD21224ADD0061B7EE /* Assets.xcassets */; };
		6953CFC121224ADD0061B7EE /* LaunchScreen.storyboard in Resources */ = {isa = PBXBuildFile; fileRef = 6953CFBF21224ADD0061B7EE /* LaunchScreen.storyboard */; };
		698C4EDE21236AF0003E4CDD /* menu.png in Resources */ = {isa = PBXBuildFile; fileRef = 698C4EDC21236AEF003E4CDD /* menu.png */; };
		698C4EDF21236AF0003E4CDD /* logo-cam.png in Resources */ = {isa = PBXBuildFile; fileRef = 698C4EDD21236AF0003E4CDD /* logo-cam.png */; };
		6997116A2123588D0018FC19 /* ViewControllerInicio.swift in Sources */ = {isa = PBXBuildFile; fileRef = 699711692123588D0018FC19 /* ViewControllerInicio.swift */; };
		6997116C212361BE0018FC19 /* MenuTableViewController.swift in Sources */ = {isa = PBXBuildFile; fileRef = 6997116B212361BE0018FC19 /* MenuTableViewController.swift */; };
		699A415421FFA65200BAD608 /* Hipoteca.png in Resources */ = {isa = PBXBuildFile; fileRef = 699A414821FFA63F00BAD608 /* Hipoteca.png */; };
		699A415521FFA65200BAD608 /* Metrobus.png in Resources */ = {isa = PBXBuildFile; fileRef = 699A414921FFA64000BAD608 /* Metrobus.png */; };
		699A415621FFA65200BAD608 /* HipotecaL.png in Resources */ = {isa = PBXBuildFile; fileRef = 699A414A21FFA64200BAD608 /* HipotecaL.png */; };
		699A415721FFA65200BAD608 /* AutobusL.png in Resources */ = {isa = PBXBuildFile; fileRef = 699A414B21FFA64300BAD608 /* AutobusL.png */; };
		699A415821FFA65200BAD608 /* Gas EstacionarioL.png in Resources */ = {isa = PBXBuildFile; fileRef = 699A414C21FFA64400BAD608 /* Gas EstacionarioL.png */; };
		699A415921FFA65200BAD608 /* MetrobusL.png in Resources */ = {isa = PBXBuildFile; fileRef = 699A414D21FFA64600BAD608 /* MetrobusL.png */; };
		699A415A21FFA65200BAD608 /* Autobus.png in Resources */ = {isa = PBXBuildFile; fileRef = 699A414E21FFA64800BAD608 /* Autobus.png */; };
		699A415B21FFA65200BAD608 /* Gas DomesticoL.png in Resources */ = {isa = PBXBuildFile; fileRef = 699A414F21FFA64900BAD608 /* Gas DomesticoL.png */; };
		699A415C21FFA65200BAD608 /* Gas Domestico.png in Resources */ = {isa = PBXBuildFile; fileRef = 699A415021FFA64C00BAD608 /* Gas Domestico.png */; };
		699A415D21FFA65200BAD608 /* Renta.png in Resources */ = {isa = PBXBuildFile; fileRef = 699A415121FFA64D00BAD608 /* Renta.png */; };
		699A415E21FFA65200BAD608 /* Gas Estacionario.png in Resources */ = {isa = PBXBuildFile; fileRef = 699A415221FFA65000BAD608 /* Gas Estacionario.png */; };
		699A415F21FFA65200BAD608 /* RentaL.png in Resources */ = {isa = PBXBuildFile; fileRef = 699A415321FFA65100BAD608 /* RentaL.png */; };
		699DD838214F5CDA00ADBFDA /* AlertController+image.swift in Sources */ = {isa = PBXBuildFile; fileRef = 699DD837214F5CDA00ADBFDA /* AlertController+image.swift */; };
		69A070BD21267738000A14DA /* ViewControllerSesion.swift in Sources */ = {isa = PBXBuildFile; fileRef = 69A070BC21267738000A14DA /* ViewControllerSesion.swift */; };
		69A070BF21267755000A14DA /* ViewControllerPerfil.swift in Sources */ = {isa = PBXBuildFile; fileRef = 69A070BE21267755000A14DA /* ViewControllerPerfil.swift */; };
		69A070C121267769000A14DA /* ViewControllerPrivacidad.swift in Sources */ = {isa = PBXBuildFile; fileRef = 69A070C021267769000A14DA /* ViewControllerPrivacidad.swift */; };
		69A070C3212677EB000A14DA /* ViewControllerResultados.swift in Sources */ = {isa = PBXBuildFile; fileRef = 69A070C2212677EB000A14DA /* ViewControllerResultados.swift */; };
		69A070C52126787E000A14DA /* TableViewControllerCuestionarios.swift in Sources */ = {isa = PBXBuildFile; fileRef = 69A070C42126787E000A14DA /* TableViewControllerCuestionarios.swift */; };
		69A070C721267E53000A14DA /* settings.png in Resources */ = {isa = PBXBuildFile; fileRef = 69A070C621267E52000A14DA /* settings.png */; };
		69B73F3E21EAA3DF00F26CEB /* AseoCollectionViewController.swift in Sources */ = {isa = PBXBuildFile; fileRef = 69B73F3D21EAA3DF00F26CEB /* AseoCollectionViewController.swift */; };
		69B73F4021EAA40600F26CEB /* AseoCollectionViewCell.swift in Sources */ = {isa = PBXBuildFile; fileRef = 69B73F3F21EAA40600F26CEB /* AseoCollectionViewCell.swift */; };
		69B73F4221EAA49D00F26CEB /* TransporteCollectionViewCell.swift in Sources */ = {isa = PBXBuildFile; fileRef = 69B73F4121EAA49D00F26CEB /* TransporteCollectionViewCell.swift */; };
		69B73F4421EAA4CC00F26CEB /* TransporteCollectionViewController.swift in Sources */ = {isa = PBXBuildFile; fileRef = 69B73F4321EAA4CC00F26CEB /* TransporteCollectionViewController.swift */; };
		69B8E95921261BDE007D9554 /* logout.png in Resources */ = {isa = PBXBuildFile; fileRef = 69B8E95721261BDD007D9554 /* logout.png */; };
		69B8E95A21261BDE007D9554 /* user.png in Resources */ = {isa = PBXBuildFile; fileRef = 69B8E95821261BDD007D9554 /* user.png */; };
		69BAA15221FCDDE6007A80E4 /* ShampooL.png in Resources */ = {isa = PBXBuildFile; fileRef = 69BAA15021FCDDD5007A80E4 /* ShampooL.png */; };
		69BAA15321FCDDE6007A80E4 /* Shampoo.png in Resources */ = {isa = PBXBuildFile; fileRef = 69BAA15121FCDDE6007A80E4 /* Shampoo.png */; };
		69BAA15821FCE095007A80E4 /* Desinfectante.png in Resources */ = {isa = PBXBuildFile; fileRef = 69BAA15421FCE08E007A80E4 /* Desinfectante.png */; };
		69BAA15921FCE095007A80E4 /* DesinfectanteL.png in Resources */ = {isa = PBXBuildFile; fileRef = 69BAA15521FCE090007A80E4 /* DesinfectanteL.png */; };
		69BAA15A21FCE095007A80E4 /* Pasta Dental.png in Resources */ = {isa = PBXBuildFile; fileRef = 69BAA15621FCE092007A80E4 /* Pasta Dental.png */; };
		69BAA15B21FCE095007A80E4 /* Pasta DentalL.png in Resources */ = {isa = PBXBuildFile; fileRef = 69BAA15721FCE095007A80E4 /* Pasta DentalL.png */; };
		69BAA15E21FCE121007A80E4 /* DesodoranteL.png in Resources */ = {isa = PBXBuildFile; fileRef = 69BAA15C21FCE11F007A80E4 /* DesodoranteL.png */; };
		69BAA15F21FCE121007A80E4 /* Desodorante.png in Resources */ = {isa = PBXBuildFile; fileRef = 69BAA15D21FCE120007A80E4 /* Desodorante.png */; };
		69E63DED215DB41B00885284 /* Jitomate SaladetteL.png in Resources */ = {isa = PBXBuildFile; fileRef = 69E63DE5215DB41700885284 /* Jitomate SaladetteL.png */; };
		69E63DEE215DB41B00885284 /* Lechuga OrejonaL.png in Resources */ = {isa = PBXBuildFile; fileRef = 69E63DE6215DB41700885284 /* Lechuga OrejonaL.png */; };
		69E63DEF215DB41B00885284 /* Lechuga RomanaL.png in Resources */ = {isa = PBXBuildFile; fileRef = 69E63DE7215DB41800885284 /* Lechuga RomanaL.png */; };
		69E63DF0215DB41B00885284 /* Cebolla BlancaL.png in Resources */ = {isa = PBXBuildFile; fileRef = 69E63DE8215DB41900885284 /* Cebolla BlancaL.png */; };
		69E63DF1215DB41B00885284 /* Chile SerranoL.png in Resources */ = {isa = PBXBuildFile; fileRef = 69E63DE9215DB41900885284 /* Chile SerranoL.png */; };
		69E63DF2215DB41B00885284 /* ManzanaL.png in Resources */ = {isa = PBXBuildFile; fileRef = 69E63DEA215DB41A00885284 /* ManzanaL.png */; };
		69E63DF3215DB41B00885284 /* Papa BlancaL.png in Resources */ = {isa = PBXBuildFile; fileRef = 69E63DEB215DB41A00885284 /* Papa BlancaL.png */; };
		69E63DF9215DBBBE00885284 /* Limon sin SemillaL.png in Resources */ = {isa = PBXBuildFile; fileRef = 69E63DF7215DBBBD00885284 /* Limon sin SemillaL.png */; };
		69E63DFA215DBBBE00885284 /* Limon sin Semilla.png in Resources */ = {isa = PBXBuildFile; fileRef = 69E63DF8215DBBBD00885284 /* Limon sin Semilla.png */; };
		69E63DFD215DBC8600885284 /* Chicharo.png in Resources */ = {isa = PBXBuildFile; fileRef = 69E63DFB215DBC8500885284 /* Chicharo.png */; };
		69E63DFE215DBC8600885284 /* ChicharoL.png in Resources */ = {isa = PBXBuildFile; fileRef = 69E63DFC215DBC8500885284 /* ChicharoL.png */; };
		69E63E00215DBD2300885284 /* Aguacate HassL.png in Resources */ = {isa = PBXBuildFile; fileRef = 69E63DFF215DBD2300885284 /* Aguacate HassL.png */; };
		69E63E03215DBF5900885284 /* Ejote.png in Resources */ = {isa = PBXBuildFile; fileRef = 69E63E01215DBF5800885284 /* Ejote.png */; };
		69E63E04215DBF5900885284 /* EjoteL.png in Resources */ = {isa = PBXBuildFile; fileRef = 69E63E02215DBF5900885284 /* EjoteL.png */; };
		69E63E07215DC03E00885284 /* PepinoL.png in Resources */ = {isa = PBXBuildFile; fileRef = 69E63E05215DC03D00885284 /* PepinoL.png */; };
		69E63E08215DC03E00885284 /* Pepino.png in Resources */ = {isa = PBXBuildFile; fileRef = 69E63E06215DC03D00885284 /* Pepino.png */; };
		69E63E0B215DC17A00885284 /* Chile Poblano.png in Resources */ = {isa = PBXBuildFile; fileRef = 69E63E09215DC17900885284 /* Chile Poblano.png */; };
		69E63E0C215DC17A00885284 /* Chile PoblanoL.png in Resources */ = {isa = PBXBuildFile; fileRef = 69E63E0A215DC17A00885284 /* Chile PoblanoL.png */; };
		69E63E0F215DC2E800885284 /* Naranja.png in Resources */ = {isa = PBXBuildFile; fileRef = 69E63E0D215DC2E700885284 /* Naranja.png */; };
		69E63E10215DC2E800885284 /* NaranjaL.png in Resources */ = {isa = PBXBuildFile; fileRef = 69E63E0E215DC2E700885284 /* NaranjaL.png */; };
		69E63E13215DC3DE00885284 /* Piña.png in Resources */ = {isa = PBXBuildFile; fileRef = 69E63E11215DC3DC00885284 /* Piña.png */; };
		69E63E14215DC3DE00885284 /* PiñaL.png in Resources */ = {isa = PBXBuildFile; fileRef = 69E63E12215DC3DC00885284 /* PiñaL.png */; };
		69E63E17215DC45000885284 /* Papaya.png in Resources */ = {isa = PBXBuildFile; fileRef = 69E63E15215DC44F00885284 /* Papaya.png */; };
		69E63E18215DC45000885284 /* PapayaL.png in Resources */ = {isa = PBXBuildFile; fileRef = 69E63E16215DC44F00885284 /* PapayaL.png */; };
		69E63E1B215DC4C900885284 /* Platano TabascoL.png in Resources */ = {isa = PBXBuildFile; fileRef = 69E63E19215DC4C800885284 /* Platano TabascoL.png */; };
		69E63E1C215DC4C900885284 /* Platano Tabasco.png in Resources */ = {isa = PBXBuildFile; fileRef = 69E63E1A215DC4C800885284 /* Platano Tabasco.png */; };
		69E63E1F215DC61500885284 /* Higado de Res.png in Resources */ = {isa = PBXBuildFile; fileRef = 69E63E1D215DC61400885284 /* Higado de Res.png */; };
		69E63E20215DC61500885284 /* Higado de ResL.png in Resources */ = {isa = PBXBuildFile; fileRef = 69E63E1E215DC61500885284 /* Higado de ResL.png */; };
		69E63E23215DC6D100885284 /* Bistec de ResL.png in Resources */ = {isa = PBXBuildFile; fileRef = 69E63E21215DC6D000885284 /* Bistec de ResL.png */; };
		69E63E24215DC6D100885284 /* Bistec de Res.png in Resources */ = {isa = PBXBuildFile; fileRef = 69E63E22215DC6D000885284 /* Bistec de Res.png */; };
		69E63E27215DC7A900885284 /* Retazo de ResL.png in Resources */ = {isa = PBXBuildFile; fileRef = 69E63E25215DC7A800885284 /* Retazo de ResL.png */; };
		69E63E28215DC7A900885284 /* Retazo de Res.png in Resources */ = {isa = PBXBuildFile; fileRef = 69E63E26215DC7A900885284 /* Retazo de Res.png */; };
		69E63E2B215DC88400885284 /* Pollo Entero.png in Resources */ = {isa = PBXBuildFile; fileRef = 69E63E29215DC88300885284 /* Pollo Entero.png */; };
		69E63E2C215DC88400885284 /* Pollo EnteroL.png in Resources */ = {isa = PBXBuildFile; fileRef = 69E63E2A215DC88400885284 /* Pollo EnteroL.png */; };
		69E63E31215DD0C100885284 /* Pierna con Muslo.png in Resources */ = {isa = PBXBuildFile; fileRef = 69E63E2D215DD0BE00885284 /* Pierna con Muslo.png */; };
		69E63E32215DD0C100885284 /* Retazo de Pollo Maciza-Pierna.png in Resources */ = {isa = PBXBuildFile; fileRef = 69E63E2E215DD0BF00885284 /* Retazo de Pollo Maciza-Pierna.png */; };
		69E63E33215DD0C100885284 /* Retazo de Pollo Maciza-PiernaL.png in Resources */ = {isa = PBXBuildFile; fileRef = 69E63E2F215DD0C000885284 /* Retazo de Pollo Maciza-PiernaL.png */; };
		69E63E34215DD0C100885284 /* Pierna con MusloL.png in Resources */ = {isa = PBXBuildFile; fileRef = 69E63E30215DD0C000885284 /* Pierna con MusloL.png */; };
		69E63E39215DD1C500885284 /* Pechuga de Pollo.png in Resources */ = {isa = PBXBuildFile; fileRef = 69E63E35215DD1C300885284 /* Pechuga de Pollo.png */; };
		69E63E3A215DD1C500885284 /* Lentejas.png in Resources */ = {isa = PBXBuildFile; fileRef = 69E63E36215DD1C400885284 /* Lentejas.png */; };
		69E63E3B215DD1C500885284 /* LentejasL.png in Resources */ = {isa = PBXBuildFile; fileRef = 69E63E37215DD1C400885284 /* LentejasL.png */; };
		69E63E3C215DD1C500885284 /* Pechuga de PolloL.png in Resources */ = {isa = PBXBuildFile; fileRef = 69E63E38215DD1C500885284 /* Pechuga de PolloL.png */; };
		69E63E3F215DD26F00885284 /* Frijol BayoL.png in Resources */ = {isa = PBXBuildFile; fileRef = 69E63E3D215DD26E00885284 /* Frijol BayoL.png */; };
		69E63E40215DD26F00885284 /* Frijol Bayo.png in Resources */ = {isa = PBXBuildFile; fileRef = 69E63E3E215DD26F00885284 /* Frijol Bayo.png */; };
		69E63E43215DD4DA00885284 /* Pescado Sierra.png in Resources */ = {isa = PBXBuildFile; fileRef = 69E63E41215DD4D900885284 /* Pescado Sierra.png */; };
		69E63E44215DD4DA00885284 /* Pescado SierraL.png in Resources */ = {isa = PBXBuildFile; fileRef = 69E63E42215DD4DA00885284 /* Pescado SierraL.png */; };
		69E63E47215DD5EE00885284 /* Arroz.png in Resources */ = {isa = PBXBuildFile; fileRef = 69E63E45215DD5ED00885284 /* Arroz.png */; };
		69E63E48215DD5EE00885284 /* ArrozL.png in Resources */ = {isa = PBXBuildFile; fileRef = 69E63E46215DD5EE00885284 /* ArrozL.png */; };
		69E63E4B215DD69B00885284 /* Sopa de Pasta.png in Resources */ = {isa = PBXBuildFile; fileRef = 69E63E49215DD69A00885284 /* Sopa de Pasta.png */; };
		69E63E4C215DD69B00885284 /* Sopa de PastaL.png in Resources */ = {isa = PBXBuildFile; fileRef = 69E63E4A215DD69A00885284 /* Sopa de PastaL.png */; };
		69E63E4F215DD7C200885284 /* Aceite.png in Resources */ = {isa = PBXBuildFile; fileRef = 69E63E4D215DD7C100885284 /* Aceite.png */; };
		69E63E50215DD7C200885284 /* AceiteL.png in Resources */ = {isa = PBXBuildFile; fileRef = 69E63E4E215DD7C200885284 /* AceiteL.png */; };
		69E63E53215DDBDE00885284 /* Sardina.png in Resources */ = {isa = PBXBuildFile; fileRef = 69E63E51215DDBDB00885284 /* Sardina.png */; };
		69E63E54215DDBDE00885284 /* SardinaL.png in Resources */ = {isa = PBXBuildFile; fileRef = 69E63E52215DDBDC00885284 /* SardinaL.png */; };
		69F30E36212745D20087BE3F /* rec.png in Resources */ = {isa = PBXBuildFile; fileRef = 69F30E34212745CE0087BE3F /* rec.png */; };
		69F30E37212745D20087BE3F /* rec1.png in Resources */ = {isa = PBXBuildFile; fileRef = 69F30E35212745D10087BE3F /* rec1.png */; };
		79162C4B2174238D00EC714A /* LugarViewController.swift in Sources */ = {isa = PBXBuildFile; fileRef = 79162C4A2174238D00EC714A /* LugarViewController.swift */; };
		79162C4D21742CAC00EC714A /* estados.json in Resources */ = {isa = PBXBuildFile; fileRef = 79162C4C21742CAC00EC714A /* estados.json */; };
		79162C4F2174B97000EC714A /* Cuestiionario.swift in Sources */ = {isa = PBXBuildFile; fileRef = 79162C4E2174B97000EC714A /* Cuestiionario.swift */; };
		79ABCE1E212F6FA300AD190C /* UNAM_logo.png in Resources */ = {isa = PBXBuildFile; fileRef = 79ABCE1D212F6FA300AD190C /* UNAM_logo.png */; };
		79F18F3F216AB24000E62B4C /* GoogleService-Info.plist in Resources */ = {isa = PBXBuildFile; fileRef = 79F18F3E216AB24000E62B4C /* GoogleService-Info.plist */; };
		8972AFCE79F083147C2BE2CD /* Pods_CAM.framework in Frameworks */ = {isa = PBXBuildFile; fileRef = 78A4F55025D2DFC5770FBD43 /* Pods_CAM.framework */; };
/* End PBXBuildFile section */

/* Begin PBXFileReference section */
		15E66396DF0394EFD3148889 /* Pods-CAM.release.xcconfig */ = {isa = PBXFileReference; includeInIndex = 1; lastKnownFileType = text.xcconfig; name = "Pods-CAM.release.xcconfig"; path = "Pods/Target Support Files/Pods-CAM/Pods-CAM.release.xcconfig"; sourceTree = "<group>"; };
		3D311EFA4AF51A010CB21FCA /* Pods-CAM.debug.xcconfig */ = {isa = PBXFileReference; includeInIndex = 1; lastKnownFileType = text.xcconfig; name = "Pods-CAM.debug.xcconfig"; path = "Pods/Target Support Files/Pods-CAM/Pods-CAM.debug.xcconfig"; sourceTree = "<group>"; };
		6905F94A2135147200CEC69E /* AlimentosCollectionViewController.swift */ = {isa = PBXFileReference; lastKnownFileType = sourcecode.swift; path = AlimentosCollectionViewController.swift; sourceTree = "<group>"; };
		6905F94C2135158800CEC69E /* AlimentoCollectionViewCell.swift */ = {isa = PBXFileReference; lastKnownFileType = sourcecode.swift; path = AlimentoCollectionViewCell.swift; sourceTree = "<group>"; };
		6907547E2139036000953A8D /* Manzana.png */ = {isa = PBXFileReference; lastKnownFileType = image.png; path = Manzana.png; sourceTree = "<group>"; };
		690F2D83213B5D2900290D41 /* Jitomate Saladette.png */ = {isa = PBXFileReference; lastKnownFileType = image.png; path = "Jitomate Saladette.png"; sourceTree = "<group>"; };
		690F2D85213B5F7800290D41 /* Lechuga Orejona.png */ = {isa = PBXFileReference; lastKnownFileType = image.png; path = "Lechuga Orejona.png"; sourceTree = "<group>"; };
		690F2D87213B60C800290D41 /* Cebolla Blanca.png */ = {isa = PBXFileReference; lastKnownFileType = image.png; path = "Cebolla Blanca.png"; sourceTree = "<group>"; };
		690F2D89213B618400290D41 /* Zanahoria.png */ = {isa = PBXFileReference; lastKnownFileType = image.png; path = Zanahoria.png; sourceTree = "<group>"; };
		690F2D8A213B618500290D41 /* Lechuga Romana.png */ = {isa = PBXFileReference; lastKnownFileType = image.png; path = "Lechuga Romana.png"; sourceTree = "<group>"; };
		690F2D8D213B68AC00290D41 /* Papa Blanca.png */ = {isa = PBXFileReference; lastKnownFileType = image.png; path = "Papa Blanca.png"; sourceTree = "<group>"; };
		690F2D8F213B69EA00290D41 /* Aguacate Hass.png */ = {isa = PBXFileReference; lastKnownFileType = image.png; path = "Aguacate Hass.png"; sourceTree = "<group>"; };
		690F2D91213B6AC600290D41 /* Chile Serrano.png */ = {isa = PBXFileReference; lastKnownFileType = image.png; path = "Chile Serrano.png"; sourceTree = "<group>"; };
		690FE1D3215E879C003DCB66 /* Atun en Agua o AceiteL.png */ = {isa = PBXFileReference; lastKnownFileType = image.png; path = "Atun en Agua o AceiteL.png"; sourceTree = "<group>"; };
		690FE1D4215E879D003DCB66 /* Atun en Agua o Aceite.png */ = {isa = PBXFileReference; lastKnownFileType = image.png; path = "Atun en Agua o Aceite.png"; sourceTree = "<group>"; };
		690FE1D7215E884B003DCB66 /* Sal RefinadaL.png */ = {isa = PBXFileReference; lastKnownFileType = image.png; path = "Sal RefinadaL.png"; sourceTree = "<group>"; };
		690FE1D8215E884B003DCB66 /* Sal Refinada.png */ = {isa = PBXFileReference; lastKnownFileType = image.png; path = "Sal Refinada.png"; sourceTree = "<group>"; };
		690FE1DB215E8B1F003DCB66 /* Azucar Estandar.png */ = {isa = PBXFileReference; lastKnownFileType = image.png; path = "Azucar Estandar.png"; sourceTree = "<group>"; };
		690FE1DC215E8B1F003DCB66 /* Azucar EstandarL.png */ = {isa = PBXFileReference; lastKnownFileType = image.png; path = "Azucar EstandarL.png"; sourceTree = "<group>"; };
		690FE1DF215E8BCA003DCB66 /* CafeL.png */ = {isa = PBXFileReference; lastKnownFileType = image.png; path = CafeL.png; sourceTree = "<group>"; };
		690FE1E0215E8BCA003DCB66 /* Cafe.png */ = {isa = PBXFileReference; lastKnownFileType = image.png; path = Cafe.png; sourceTree = "<group>"; };
		6915F7EC212522640084BB18 /* number3.png */ = {isa = PBXFileReference; lastKnownFileType = image.png; path = number3.png; sourceTree = "<group>"; };
		6915F7ED212522650084BB18 /* number1.png */ = {isa = PBXFileReference; lastKnownFileType = image.png; path = number1.png; sourceTree = "<group>"; };
		6915F7EE212522660084BB18 /* number2.png */ = {isa = PBXFileReference; lastKnownFileType = image.png; path = number2.png; sourceTree = "<group>"; };
		69400A50214F6D940084A313 /* ZanahoriaL.png */ = {isa = PBXFileReference; lastKnownFileType = image.png; path = ZanahoriaL.png; sourceTree = "<group>"; };
		694AA038215E8E270035475B /* Leche Pasteurizada.png */ = {isa = PBXFileReference; lastKnownFileType = image.png; path = "Leche Pasteurizada.png"; sourceTree = "<group>"; };
		694AA039215E8E280035475B /* Leche PasteutizadaL.png */ = {isa = PBXFileReference; lastKnownFileType = image.png; path = "Leche PasteutizadaL.png"; sourceTree = "<group>"; };
		694AA03C215E8F520035475B /* Leche Liconsa.png */ = {isa = PBXFileReference; lastKnownFileType = image.png; path = "Leche Liconsa.png"; sourceTree = "<group>"; };
		694AA03D215E8F530035475B /* Leche LiconsaL.png */ = {isa = PBXFileReference; lastKnownFileType = image.png; path = "Leche LiconsaL.png"; sourceTree = "<group>"; };
		694AA040215E8FBA0035475B /* Queso BlancoL.png */ = {isa = PBXFileReference; lastKnownFileType = image.png; path = "Queso BlancoL.png"; sourceTree = "<group>"; };
		694AA041215E8FBA0035475B /* Queso Blanco.png */ = {isa = PBXFileReference; lastKnownFileType = image.png; path = "Queso Blanco.png"; sourceTree = "<group>"; };
		694AA044215E90B10035475B /* AguaL.png */ = {isa = PBXFileReference; lastKnownFileType = image.png; path = AguaL.png; sourceTree = "<group>"; };
		694AA045215E90B10035475B /* Agua.png */ = {isa = PBXFileReference; lastKnownFileType = image.png; path = Agua.png; sourceTree = "<group>"; };
		694AA048215E91790035475B /* Pan Dulce.png */ = {isa = PBXFileReference; lastKnownFileType = image.png; path = "Pan Dulce.png"; sourceTree = "<group>"; };
		694AA049215E917A0035475B /* Pan DulceL.png */ = {isa = PBXFileReference; lastKnownFileType = image.png; path = "Pan DulceL.png"; sourceTree = "<group>"; };
		694AA04C215E92190035475B /* Bolillo.png */ = {isa = PBXFileReference; lastKnownFileType = image.png; path = Bolillo.png; sourceTree = "<group>"; };
		694AA04D215E92190035475B /* BolilloL.png */ = {isa = PBXFileReference; lastKnownFileType = image.png; path = BolilloL.png; sourceTree = "<group>"; };
		694AA050215E92C80035475B /* Tortilla de Maiz.png */ = {isa = PBXFileReference; lastKnownFileType = image.png; path = "Tortilla de Maiz.png"; sourceTree = "<group>"; };
		694AA051215E92C80035475B /* Tortilla de MaizL.png */ = {isa = PBXFileReference; lastKnownFileType = image.png; path = "Tortilla de MaizL.png"; sourceTree = "<group>"; };
		694AA054215E93AB0035475B /* Jabon de TocadorL.png */ = {isa = PBXFileReference; lastKnownFileType = image.png; path = "Jabon de TocadorL.png"; sourceTree = "<group>"; };
		694AA055215E93AB0035475B /* Jabon de Tocador.png */ = {isa = PBXFileReference; lastKnownFileType = image.png; path = "Jabon de Tocador.png"; sourceTree = "<group>"; };
		694AA058215E94E50035475B /* Detergente en PolvoL.png */ = {isa = PBXFileReference; lastKnownFileType = image.png; path = "Detergente en PolvoL.png"; sourceTree = "<group>"; };
		694AA059215E94E50035475B /* Detergente en Polvo.png */ = {isa = PBXFileReference; lastKnownFileType = image.png; path = "Detergente en Polvo.png"; sourceTree = "<group>"; };
		694AA05C215E95790035475B /* Huevo.png */ = {isa = PBXFileReference; lastKnownFileType = image.png; path = Huevo.png; sourceTree = "<group>"; };
		694AA05D215E95790035475B /* HuevoL.png */ = {isa = PBXFileReference; lastKnownFileType = image.png; path = HuevoL.png; sourceTree = "<group>"; };
		694AA060215E96110035475B /* NopalesL.png */ = {isa = PBXFileReference; lastKnownFileType = image.png; path = NopalesL.png; sourceTree = "<group>"; };
		694AA061215E96110035475B /* Nopales.png */ = {isa = PBXFileReference; lastKnownFileType = image.png; path = Nopales.png; sourceTree = "<group>"; };
		694AA064215E96910035475B /* Papel Higienico.png */ = {isa = PBXFileReference; lastKnownFileType = image.png; path = "Papel Higienico.png"; sourceTree = "<group>"; };
		694AA065215E96920035475B /* Papel HigienicoL.png */ = {isa = PBXFileReference; lastKnownFileType = image.png; path = "Papel HigienicoL.png"; sourceTree = "<group>"; };
		694AA068215E96FF0035475B /* Tomate VerdeL.png */ = {isa = PBXFileReference; lastKnownFileType = image.png; path = "Tomate VerdeL.png"; sourceTree = "<group>"; };
		694AA069215E97000035475B /* Tomate Verde.png */ = {isa = PBXFileReference; lastKnownFileType = image.png; path = "Tomate Verde.png"; sourceTree = "<group>"; };
		694AA06C215E97FD0035475B /* CalabacitaL.png */ = {isa = PBXFileReference; lastKnownFileType = image.png; path = CalabacitaL.png; sourceTree = "<group>"; };
		694AA06D215E97FE0035475B /* Calabacita.png */ = {isa = PBXFileReference; lastKnownFileType = image.png; path = Calabacita.png; sourceTree = "<group>"; };
		6953CFB321224ADA0061B7EE /* CAM.app */ = {isa = PBXFileReference; explicitFileType = wrapper.application; includeInIndex = 0; path = CAM.app; sourceTree = BUILT_PRODUCTS_DIR; };
		6953CFB621224ADA0061B7EE /* AppDelegate.swift */ = {isa = PBXFileReference; lastKnownFileType = sourcecode.swift; path = AppDelegate.swift; sourceTree = "<group>"; };
		6953CFB821224ADA0061B7EE /* ViewController.swift */ = {isa = PBXFileReference; lastKnownFileType = sourcecode.swift; path = ViewController.swift; sourceTree = "<group>"; };
		6953CFBB21224ADA0061B7EE /* Base */ = {isa = PBXFileReference; lastKnownFileType = file.storyboard; name = Base; path = Base.lproj/Main.storyboard; sourceTree = "<group>"; };
		6953CFBD21224ADD0061B7EE /* Assets.xcassets */ = {isa = PBXFileReference; lastKnownFileType = folder.assetcatalog; path = Assets.xcassets; sourceTree = "<group>"; };
		6953CFC021224ADD0061B7EE /* Base */ = {isa = PBXFileReference; lastKnownFileType = file.storyboard; name = Base; path = Base.lproj/LaunchScreen.storyboard; sourceTree = "<group>"; };
		6953CFC221224ADD0061B7EE /* Info.plist */ = {isa = PBXFileReference; lastKnownFileType = text.plist.xml; path = Info.plist; sourceTree = "<group>"; };
		698C4EDC21236AEF003E4CDD /* menu.png */ = {isa = PBXFileReference; lastKnownFileType = image.png; path = menu.png; sourceTree = "<group>"; };
		698C4EDD21236AF0003E4CDD /* logo-cam.png */ = {isa = PBXFileReference; lastKnownFileType = image.png; path = "logo-cam.png"; sourceTree = "<group>"; };
		699711692123588D0018FC19 /* ViewControllerInicio.swift */ = {isa = PBXFileReference; lastKnownFileType = sourcecode.swift; path = ViewControllerInicio.swift; sourceTree = "<group>"; };
		6997116B212361BE0018FC19 /* MenuTableViewController.swift */ = {isa = PBXFileReference; lastKnownFileType = sourcecode.swift; path = MenuTableViewController.swift; sourceTree = "<group>"; };
		699A414821FFA63F00BAD608 /* Hipoteca.png */ = {isa = PBXFileReference; lastKnownFileType = image.png; path = Hipoteca.png; sourceTree = "<group>"; };
		699A414921FFA64000BAD608 /* Metrobus.png */ = {isa = PBXFileReference; lastKnownFileType = image.png; path = Metrobus.png; sourceTree = "<group>"; };
		699A414A21FFA64200BAD608 /* HipotecaL.png */ = {isa = PBXFileReference; lastKnownFileType = image.png; path = HipotecaL.png; sourceTree = "<group>"; };
		699A414B21FFA64300BAD608 /* AutobusL.png */ = {isa = PBXFileReference; lastKnownFileType = image.png; path = AutobusL.png; sourceTree = "<group>"; };
		699A414C21FFA64400BAD608 /* Gas EstacionarioL.png */ = {isa = PBXFileReference; lastKnownFileType = image.png; path = "Gas EstacionarioL.png"; sourceTree = "<group>"; };
		699A414D21FFA64600BAD608 /* MetrobusL.png */ = {isa = PBXFileReference; lastKnownFileType = image.png; path = MetrobusL.png; sourceTree = "<group>"; };
		699A414E21FFA64800BAD608 /* Autobus.png */ = {isa = PBXFileReference; lastKnownFileType = image.png; path = Autobus.png; sourceTree = "<group>"; };
		699A414F21FFA64900BAD608 /* Gas DomesticoL.png */ = {isa = PBXFileReference; lastKnownFileType = image.png; path = "Gas DomesticoL.png"; sourceTree = "<group>"; };
		699A415021FFA64C00BAD608 /* Gas Domestico.png */ = {isa = PBXFileReference; lastKnownFileType = image.png; path = "Gas Domestico.png"; sourceTree = "<group>"; };
		699A415121FFA64D00BAD608 /* Renta.png */ = {isa = PBXFileReference; lastKnownFileType = image.png; path = Renta.png; sourceTree = "<group>"; };
		699A415221FFA65000BAD608 /* Gas Estacionario.png */ = {isa = PBXFileReference; lastKnownFileType = image.png; path = "Gas Estacionario.png"; sourceTree = "<group>"; };
		699A415321FFA65100BAD608 /* RentaL.png */ = {isa = PBXFileReference; lastKnownFileType = image.png; path = RentaL.png; sourceTree = "<group>"; };
		699DD837214F5CDA00ADBFDA /* AlertController+image.swift */ = {isa = PBXFileReference; lastKnownFileType = sourcecode.swift; path = "AlertController+image.swift"; sourceTree = "<group>"; };
		69A070BC21267738000A14DA /* ViewControllerSesion.swift */ = {isa = PBXFileReference; lastKnownFileType = sourcecode.swift; path = ViewControllerSesion.swift; sourceTree = "<group>"; };
		69A070BE21267755000A14DA /* ViewControllerPerfil.swift */ = {isa = PBXFileReference; lastKnownFileType = sourcecode.swift; path = ViewControllerPerfil.swift; sourceTree = "<group>"; };
		69A070C021267769000A14DA /* ViewControllerPrivacidad.swift */ = {isa = PBXFileReference; lastKnownFileType = sourcecode.swift; path = ViewControllerPrivacidad.swift; sourceTree = "<group>"; };
		69A070C2212677EB000A14DA /* ViewControllerResultados.swift */ = {isa = PBXFileReference; lastKnownFileType = sourcecode.swift; path = ViewControllerResultados.swift; sourceTree = "<group>"; };
		69A070C42126787E000A14DA /* TableViewControllerCuestionarios.swift */ = {isa = PBXFileReference; lastKnownFileType = sourcecode.swift; path = TableViewControllerCuestionarios.swift; sourceTree = "<group>"; };
		69A070C621267E52000A14DA /* settings.png */ = {isa = PBXFileReference; lastKnownFileType = image.png; path = settings.png; sourceTree = "<group>"; };
		69B73F3D21EAA3DF00F26CEB /* AseoCollectionViewController.swift */ = {isa = PBXFileReference; lastKnownFileType = sourcecode.swift; path = AseoCollectionViewController.swift; sourceTree = "<group>"; };
		69B73F3F21EAA40600F26CEB /* AseoCollectionViewCell.swift */ = {isa = PBXFileReference; lastKnownFileType = sourcecode.swift; path = AseoCollectionViewCell.swift; sourceTree = "<group>"; };
		69B73F4121EAA49D00F26CEB /* TransporteCollectionViewCell.swift */ = {isa = PBXFileReference; lastKnownFileType = sourcecode.swift; path = TransporteCollectionViewCell.swift; sourceTree = "<group>"; };
		69B73F4321EAA4CC00F26CEB /* TransporteCollectionViewController.swift */ = {isa = PBXFileReference; lastKnownFileType = sourcecode.swift; path = TransporteCollectionViewController.swift; sourceTree = "<group>"; };
		69B8E95721261BDD007D9554 /* logout.png */ = {isa = PBXFileReference; lastKnownFileType = image.png; path = logout.png; sourceTree = "<group>"; };
		69B8E95821261BDD007D9554 /* user.png */ = {isa = PBXFileReference; lastKnownFileType = image.png; path = user.png; sourceTree = "<group>"; };
		69BAA15021FCDDD5007A80E4 /* ShampooL.png */ = {isa = PBXFileReference; lastKnownFileType = image.png; path = ShampooL.png; sourceTree = "<group>"; };
		69BAA15121FCDDE6007A80E4 /* Shampoo.png */ = {isa = PBXFileReference; lastKnownFileType = image.png; path = Shampoo.png; sourceTree = "<group>"; };
		69BAA15421FCE08E007A80E4 /* Desinfectante.png */ = {isa = PBXFileReference; lastKnownFileType = image.png; path = Desinfectante.png; sourceTree = "<group>"; };
		69BAA15521FCE090007A80E4 /* DesinfectanteL.png */ = {isa = PBXFileReference; lastKnownFileType = image.png; path = DesinfectanteL.png; sourceTree = "<group>"; };
		69BAA15621FCE092007A80E4 /* Pasta Dental.png */ = {isa = PBXFileReference; lastKnownFileType = image.png; path = "Pasta Dental.png"; sourceTree = "<group>"; };
		69BAA15721FCE095007A80E4 /* Pasta DentalL.png */ = {isa = PBXFileReference; lastKnownFileType = image.png; path = "Pasta DentalL.png"; sourceTree = "<group>"; };
		69BAA15C21FCE11F007A80E4 /* DesodoranteL.png */ = {isa = PBXFileReference; lastKnownFileType = image.png; path = DesodoranteL.png; sourceTree = "<group>"; };
		69BAA15D21FCE120007A80E4 /* Desodorante.png */ = {isa = PBXFileReference; lastKnownFileType = image.png; path = Desodorante.png; sourceTree = "<group>"; };
		69E63DE5215DB41700885284 /* Jitomate SaladetteL.png */ = {isa = PBXFileReference; lastKnownFileType = image.png; path = "Jitomate SaladetteL.png"; sourceTree = "<group>"; };
		69E63DE6215DB41700885284 /* Lechuga OrejonaL.png */ = {isa = PBXFileReference; lastKnownFileType = image.png; path = "Lechuga OrejonaL.png"; sourceTree = "<group>"; };
		69E63DE7215DB41800885284 /* Lechuga RomanaL.png */ = {isa = PBXFileReference; lastKnownFileType = image.png; path = "Lechuga RomanaL.png"; sourceTree = "<group>"; };
		69E63DE8215DB41900885284 /* Cebolla BlancaL.png */ = {isa = PBXFileReference; lastKnownFileType = image.png; path = "Cebolla BlancaL.png"; sourceTree = "<group>"; };
		69E63DE9215DB41900885284 /* Chile SerranoL.png */ = {isa = PBXFileReference; lastKnownFileType = image.png; path = "Chile SerranoL.png"; sourceTree = "<group>"; };
		69E63DEA215DB41A00885284 /* ManzanaL.png */ = {isa = PBXFileReference; lastKnownFileType = image.png; path = ManzanaL.png; sourceTree = "<group>"; };
		69E63DEB215DB41A00885284 /* Papa BlancaL.png */ = {isa = PBXFileReference; lastKnownFileType = image.png; path = "Papa BlancaL.png"; sourceTree = "<group>"; };
		69E63DF7215DBBBD00885284 /* Limon sin SemillaL.png */ = {isa = PBXFileReference; lastKnownFileType = image.png; path = "Limon sin SemillaL.png"; sourceTree = "<group>"; };
		69E63DF8215DBBBD00885284 /* Limon sin Semilla.png */ = {isa = PBXFileReference; lastKnownFileType = image.png; path = "Limon sin Semilla.png"; sourceTree = "<group>"; };
		69E63DFB215DBC8500885284 /* Chicharo.png */ = {isa = PBXFileReference; lastKnownFileType = image.png; path = Chicharo.png; sourceTree = "<group>"; };
		69E63DFC215DBC8500885284 /* ChicharoL.png */ = {isa = PBXFileReference; lastKnownFileType = image.png; path = ChicharoL.png; sourceTree = "<group>"; };
		69E63DFF215DBD2300885284 /* Aguacate HassL.png */ = {isa = PBXFileReference; lastKnownFileType = image.png; path = "Aguacate HassL.png"; sourceTree = "<group>"; };
		69E63E01215DBF5800885284 /* Ejote.png */ = {isa = PBXFileReference; lastKnownFileType = image.png; path = Ejote.png; sourceTree = "<group>"; };
		69E63E02215DBF5900885284 /* EjoteL.png */ = {isa = PBXFileReference; lastKnownFileType = image.png; path = EjoteL.png; sourceTree = "<group>"; };
		69E63E05215DC03D00885284 /* PepinoL.png */ = {isa = PBXFileReference; lastKnownFileType = image.png; path = PepinoL.png; sourceTree = "<group>"; };
		69E63E06215DC03D00885284 /* Pepino.png */ = {isa = PBXFileReference; lastKnownFileType = image.png; path = Pepino.png; sourceTree = "<group>"; };
		69E63E09215DC17900885284 /* Chile Poblano.png */ = {isa = PBXFileReference; lastKnownFileType = image.png; path = "Chile Poblano.png"; sourceTree = "<group>"; };
		69E63E0A215DC17A00885284 /* Chile PoblanoL.png */ = {isa = PBXFileReference; lastKnownFileType = image.png; path = "Chile PoblanoL.png"; sourceTree = "<group>"; };
		69E63E0D215DC2E700885284 /* Naranja.png */ = {isa = PBXFileReference; lastKnownFileType = image.png; path = Naranja.png; sourceTree = "<group>"; };
		69E63E0E215DC2E700885284 /* NaranjaL.png */ = {isa = PBXFileReference; lastKnownFileType = image.png; path = NaranjaL.png; sourceTree = "<group>"; };
		69E63E11215DC3DC00885284 /* Piña.png */ = {isa = PBXFileReference; lastKnownFileType = image.png; path = "Piña.png"; sourceTree = "<group>"; };
		69E63E12215DC3DC00885284 /* PiñaL.png */ = {isa = PBXFileReference; lastKnownFileType = image.png; path = "PiñaL.png"; sourceTree = "<group>"; };
		69E63E15215DC44F00885284 /* Papaya.png */ = {isa = PBXFileReference; lastKnownFileType = image.png; path = Papaya.png; sourceTree = "<group>"; };
		69E63E16215DC44F00885284 /* PapayaL.png */ = {isa = PBXFileReference; lastKnownFileType = image.png; path = PapayaL.png; sourceTree = "<group>"; };
		69E63E19215DC4C800885284 /* Platano TabascoL.png */ = {isa = PBXFileReference; lastKnownFileType = image.png; path = "Platano TabascoL.png"; sourceTree = "<group>"; };
		69E63E1A215DC4C800885284 /* Platano Tabasco.png */ = {isa = PBXFileReference; lastKnownFileType = image.png; path = "Platano Tabasco.png"; sourceTree = "<group>"; };
		69E63E1D215DC61400885284 /* Higado de Res.png */ = {isa = PBXFileReference; lastKnownFileType = image.png; path = "Higado de Res.png"; sourceTree = "<group>"; };
		69E63E1E215DC61500885284 /* Higado de ResL.png */ = {isa = PBXFileReference; lastKnownFileType = image.png; path = "Higado de ResL.png"; sourceTree = "<group>"; };
		69E63E21215DC6D000885284 /* Bistec de ResL.png */ = {isa = PBXFileReference; lastKnownFileType = image.png; path = "Bistec de ResL.png"; sourceTree = "<group>"; };
		69E63E22215DC6D000885284 /* Bistec de Res.png */ = {isa = PBXFileReference; lastKnownFileType = image.png; path = "Bistec de Res.png"; sourceTree = "<group>"; };
		69E63E25215DC7A800885284 /* Retazo de ResL.png */ = {isa = PBXFileReference; lastKnownFileType = image.png; path = "Retazo de ResL.png"; sourceTree = "<group>"; };
		69E63E26215DC7A900885284 /* Retazo de Res.png */ = {isa = PBXFileReference; lastKnownFileType = image.png; path = "Retazo de Res.png"; sourceTree = "<group>"; };
		69E63E29215DC88300885284 /* Pollo Entero.png */ = {isa = PBXFileReference; lastKnownFileType = image.png; path = "Pollo Entero.png"; sourceTree = "<group>"; };
		69E63E2A215DC88400885284 /* Pollo EnteroL.png */ = {isa = PBXFileReference; lastKnownFileType = image.png; path = "Pollo EnteroL.png"; sourceTree = "<group>"; };
		69E63E2D215DD0BE00885284 /* Pierna con Muslo.png */ = {isa = PBXFileReference; lastKnownFileType = image.png; path = "Pierna con Muslo.png"; sourceTree = "<group>"; };
		69E63E2E215DD0BF00885284 /* Retazo de Pollo Maciza-Pierna.png */ = {isa = PBXFileReference; lastKnownFileType = image.png; path = "Retazo de Pollo Maciza-Pierna.png"; sourceTree = "<group>"; };
		69E63E2F215DD0C000885284 /* Retazo de Pollo Maciza-PiernaL.png */ = {isa = PBXFileReference; lastKnownFileType = image.png; path = "Retazo de Pollo Maciza-PiernaL.png"; sourceTree = "<group>"; };
		69E63E30215DD0C000885284 /* Pierna con MusloL.png */ = {isa = PBXFileReference; lastKnownFileType = image.png; path = "Pierna con MusloL.png"; sourceTree = "<group>"; };
		69E63E35215DD1C300885284 /* Pechuga de Pollo.png */ = {isa = PBXFileReference; lastKnownFileType = image.png; path = "Pechuga de Pollo.png"; sourceTree = "<group>"; };
		69E63E36215DD1C400885284 /* Lentejas.png */ = {isa = PBXFileReference; lastKnownFileType = image.png; path = Lentejas.png; sourceTree = "<group>"; };
		69E63E37215DD1C400885284 /* LentejasL.png */ = {isa = PBXFileReference; lastKnownFileType = image.png; path = LentejasL.png; sourceTree = "<group>"; };
		69E63E38215DD1C500885284 /* Pechuga de PolloL.png */ = {isa = PBXFileReference; lastKnownFileType = image.png; path = "Pechuga de PolloL.png"; sourceTree = "<group>"; };
		69E63E3D215DD26E00885284 /* Frijol BayoL.png */ = {isa = PBXFileReference; lastKnownFileType = image.png; path = "Frijol BayoL.png"; sourceTree = "<group>"; };
		69E63E3E215DD26F00885284 /* Frijol Bayo.png */ = {isa = PBXFileReference; lastKnownFileType = image.png; path = "Frijol Bayo.png"; sourceTree = "<group>"; };
		69E63E41215DD4D900885284 /* Pescado Sierra.png */ = {isa = PBXFileReference; lastKnownFileType = image.png; path = "Pescado Sierra.png"; sourceTree = "<group>"; };
		69E63E42215DD4DA00885284 /* Pescado SierraL.png */ = {isa = PBXFileReference; lastKnownFileType = image.png; path = "Pescado SierraL.png"; sourceTree = "<group>"; };
		69E63E45215DD5ED00885284 /* Arroz.png */ = {isa = PBXFileReference; lastKnownFileType = image.png; path = Arroz.png; sourceTree = "<group>"; };
		69E63E46215DD5EE00885284 /* ArrozL.png */ = {isa = PBXFileReference; lastKnownFileType = image.png; path = ArrozL.png; sourceTree = "<group>"; };
		69E63E49215DD69A00885284 /* Sopa de Pasta.png */ = {isa = PBXFileReference; lastKnownFileType = image.png; path = "Sopa de Pasta.png"; sourceTree = "<group>"; };
		69E63E4A215DD69A00885284 /* Sopa de PastaL.png */ = {isa = PBXFileReference; lastKnownFileType = image.png; path = "Sopa de PastaL.png"; sourceTree = "<group>"; };
		69E63E4D215DD7C100885284 /* Aceite.png */ = {isa = PBXFileReference; lastKnownFileType = image.png; path = Aceite.png; sourceTree = "<group>"; };
		69E63E4E215DD7C200885284 /* AceiteL.png */ = {isa = PBXFileReference; lastKnownFileType = image.png; path = AceiteL.png; sourceTree = "<group>"; };
		69E63E51215DDBDB00885284 /* Sardina.png */ = {isa = PBXFileReference; lastKnownFileType = image.png; path = Sardina.png; sourceTree = "<group>"; };
		69E63E52215DDBDC00885284 /* SardinaL.png */ = {isa = PBXFileReference; lastKnownFileType = image.png; path = SardinaL.png; sourceTree = "<group>"; };
		69F30E34212745CE0087BE3F /* rec.png */ = {isa = PBXFileReference; lastKnownFileType = image.png; path = rec.png; sourceTree = "<group>"; };
		69F30E35212745D10087BE3F /* rec1.png */ = {isa = PBXFileReference; lastKnownFileType = image.png; path = rec1.png; sourceTree = "<group>"; };
		78A4F55025D2DFC5770FBD43 /* Pods_CAM.framework */ = {isa = PBXFileReference; explicitFileType = wrapper.framework; includeInIndex = 0; path = Pods_CAM.framework; sourceTree = BUILT_PRODUCTS_DIR; };
		79162C4A2174238D00EC714A /* LugarViewController.swift */ = {isa = PBXFileReference; lastKnownFileType = sourcecode.swift; path = LugarViewController.swift; sourceTree = "<group>"; };
		79162C4C21742CAC00EC714A /* estados.json */ = {isa = PBXFileReference; fileEncoding = 4; lastKnownFileType = text.json; path = estados.json; sourceTree = "<group>"; };
		79162C4E2174B97000EC714A /* Cuestiionario.swift */ = {isa = PBXFileReference; lastKnownFileType = sourcecode.swift; path = Cuestiionario.swift; sourceTree = "<group>"; };
		79ABCE1D212F6FA300AD190C /* UNAM_logo.png */ = {isa = PBXFileReference; lastKnownFileType = image.png; path = UNAM_logo.png; sourceTree = "<group>"; };
		79F18F3E216AB24000E62B4C /* GoogleService-Info.plist */ = {isa = PBXFileReference; fileEncoding = 4; lastKnownFileType = text.plist.xml; path = "GoogleService-Info.plist"; sourceTree = "<group>"; };
/* End PBXFileReference section */

/* Begin PBXFrameworksBuildPhase section */
		6953CFB021224ADA0061B7EE /* Frameworks */ = {
			isa = PBXFrameworksBuildPhase;
			buildActionMask = 2147483647;
			files = (
				8972AFCE79F083147C2BE2CD /* Pods_CAM.framework in Frameworks */,
			);
			runOnlyForDeploymentPostprocessing = 0;
		};
/* End PBXFrameworksBuildPhase section */

/* Begin PBXGroup section */
		1809F792A28E2586B34250E5 /* Frameworks */ = {
			isa = PBXGroup;
			children = (
				78A4F55025D2DFC5770FBD43 /* Pods_CAM.framework */,
			);
			name = Frameworks;
			sourceTree = "<group>";
		};
		690F2D82213B502600290D41 /* img */ = {
			isa = PBXGroup;
			children = (
				694AA06D215E97FE0035475B /* Calabacita.png */,
				694AA06C215E97FD0035475B /* CalabacitaL.png */,
				694AA069215E97000035475B /* Tomate Verde.png */,
				694AA068215E96FF0035475B /* Tomate VerdeL.png */,
				694AA064215E96910035475B /* Papel Higienico.png */,
				694AA065215E96920035475B /* Papel HigienicoL.png */,
				699A414E21FFA64800BAD608 /* Autobus.png */,
				699A414B21FFA64300BAD608 /* AutobusL.png */,
				699A415021FFA64C00BAD608 /* Gas Domestico.png */,
				699A414F21FFA64900BAD608 /* Gas DomesticoL.png */,
				699A415221FFA65000BAD608 /* Gas Estacionario.png */,
				699A414C21FFA64400BAD608 /* Gas EstacionarioL.png */,
				699A414821FFA63F00BAD608 /* Hipoteca.png */,
				699A414A21FFA64200BAD608 /* HipotecaL.png */,
				699A414921FFA64000BAD608 /* Metrobus.png */,
				699A414D21FFA64600BAD608 /* MetrobusL.png */,
				699A415121FFA64D00BAD608 /* Renta.png */,
				699A415321FFA65100BAD608 /* RentaL.png */,
				694AA061215E96110035475B /* Nopales.png */,
				694AA060215E96110035475B /* NopalesL.png */,
				694AA05C215E95790035475B /* Huevo.png */,
				694AA05D215E95790035475B /* HuevoL.png */,
				694AA059215E94E50035475B /* Detergente en Polvo.png */,
				694AA058215E94E50035475B /* Detergente en PolvoL.png */,
				694AA055215E93AB0035475B /* Jabon de Tocador.png */,
				694AA054215E93AB0035475B /* Jabon de TocadorL.png */,
				694AA050215E92C80035475B /* Tortilla de Maiz.png */,
				694AA051215E92C80035475B /* Tortilla de MaizL.png */,
				694AA04C215E92190035475B /* Bolillo.png */,
				694AA04D215E92190035475B /* BolilloL.png */,
				694AA048215E91790035475B /* Pan Dulce.png */,
				694AA049215E917A0035475B /* Pan DulceL.png */,
				694AA045215E90B10035475B /* Agua.png */,
				694AA044215E90B10035475B /* AguaL.png */,
				694AA040215E8FBA0035475B /* Queso BlancoL.png */,
				694AA041215E8FBA0035475B /* Queso Blanco.png */,
				694AA03C215E8F520035475B /* Leche Liconsa.png */,
				694AA03D215E8F530035475B /* Leche LiconsaL.png */,
				694AA038215E8E270035475B /* Leche Pasteurizada.png */,
				694AA039215E8E280035475B /* Leche PasteutizadaL.png */,
				690FE1E0215E8BCA003DCB66 /* Cafe.png */,
				690FE1DF215E8BCA003DCB66 /* CafeL.png */,
				690FE1DB215E8B1F003DCB66 /* Azucar Estandar.png */,
				690FE1DC215E8B1F003DCB66 /* Azucar EstandarL.png */,
				690FE1D8215E884B003DCB66 /* Sal Refinada.png */,
				690FE1D7215E884B003DCB66 /* Sal RefinadaL.png */,
				690FE1D4215E879D003DCB66 /* Atun en Agua o Aceite.png */,
				690FE1D3215E879C003DCB66 /* Atun en Agua o AceiteL.png */,
				69BAA15D21FCE120007A80E4 /* Desodorante.png */,
				69BAA15C21FCE11F007A80E4 /* DesodoranteL.png */,
				69BAA15421FCE08E007A80E4 /* Desinfectante.png */,
				69BAA15521FCE090007A80E4 /* DesinfectanteL.png */,
				69BAA15621FCE092007A80E4 /* Pasta Dental.png */,
				69BAA15721FCE095007A80E4 /* Pasta DentalL.png */,
				69E63E51215DDBDB00885284 /* Sardina.png */,
				69E63E52215DDBDC00885284 /* SardinaL.png */,
				69E63E4D215DD7C100885284 /* Aceite.png */,
				69E63E4E215DD7C200885284 /* AceiteL.png */,
				69E63E49215DD69A00885284 /* Sopa de Pasta.png */,
				69E63E4A215DD69A00885284 /* Sopa de PastaL.png */,
				69E63E45215DD5ED00885284 /* Arroz.png */,
				69E63E46215DD5EE00885284 /* ArrozL.png */,
				69E63E41215DD4D900885284 /* Pescado Sierra.png */,
				69E63E42215DD4DA00885284 /* Pescado SierraL.png */,
				69E63E3E215DD26F00885284 /* Frijol Bayo.png */,
				69E63E3D215DD26E00885284 /* Frijol BayoL.png */,
				69E63E36215DD1C400885284 /* Lentejas.png */,
				69E63E37215DD1C400885284 /* LentejasL.png */,
				69E63E35215DD1C300885284 /* Pechuga de Pollo.png */,
				69E63E38215DD1C500885284 /* Pechuga de PolloL.png */,
				69E63E2D215DD0BE00885284 /* Pierna con Muslo.png */,
				69E63E30215DD0C000885284 /* Pierna con MusloL.png */,
				69E63E2E215DD0BF00885284 /* Retazo de Pollo Maciza-Pierna.png */,
				69E63E2F215DD0C000885284 /* Retazo de Pollo Maciza-PiernaL.png */,
				69E63E29215DC88300885284 /* Pollo Entero.png */,
				69E63E2A215DC88400885284 /* Pollo EnteroL.png */,
				69E63E26215DC7A900885284 /* Retazo de Res.png */,
				69E63E25215DC7A800885284 /* Retazo de ResL.png */,
				69E63E22215DC6D000885284 /* Bistec de Res.png */,
				69E63E21215DC6D000885284 /* Bistec de ResL.png */,
				69E63E1D215DC61400885284 /* Higado de Res.png */,
				69E63E1E215DC61500885284 /* Higado de ResL.png */,
				69E63E1A215DC4C800885284 /* Platano Tabasco.png */,
				69E63E19215DC4C800885284 /* Platano TabascoL.png */,
				69E63E15215DC44F00885284 /* Papaya.png */,
				69E63E16215DC44F00885284 /* PapayaL.png */,
				69E63E11215DC3DC00885284 /* Piña.png */,
				69E63E12215DC3DC00885284 /* PiñaL.png */,
				69E63E0D215DC2E700885284 /* Naranja.png */,
				69E63E0E215DC2E700885284 /* NaranjaL.png */,
				69E63E09215DC17900885284 /* Chile Poblano.png */,
				69E63E0A215DC17A00885284 /* Chile PoblanoL.png */,
				69E63E01215DBF5800885284 /* Ejote.png */,
				69E63E02215DBF5900885284 /* EjoteL.png */,
				69E63E06215DC03D00885284 /* Pepino.png */,
				69E63E05215DC03D00885284 /* PepinoL.png */,
				6907547E2139036000953A8D /* Manzana.png */,
				690F2D83213B5D2900290D41 /* Jitomate Saladette.png */,
				690F2D85213B5F7800290D41 /* Lechuga Orejona.png */,
				690F2D87213B60C800290D41 /* Cebolla Blanca.png */,
				69E63DF8215DBBBD00885284 /* Limon sin Semilla.png */,
				69E63DF7215DBBBD00885284 /* Limon sin SemillaL.png */,
				690F2D89213B618400290D41 /* Zanahoria.png */,
				690F2D8A213B618500290D41 /* Lechuga Romana.png */,
				690F2D8D213B68AC00290D41 /* Papa Blanca.png */,
				690F2D8F213B69EA00290D41 /* Aguacate Hass.png */,
				690F2D91213B6AC600290D41 /* Chile Serrano.png */,
				69400A50214F6D940084A313 /* ZanahoriaL.png */,
				69E63DFB215DBC8500885284 /* Chicharo.png */,
				69E63DFC215DBC8500885284 /* ChicharoL.png */,
				69E63DE8215DB41900885284 /* Cebolla BlancaL.png */,
				69E63DFF215DBD2300885284 /* Aguacate HassL.png */,
				69E63DE9215DB41900885284 /* Chile SerranoL.png */,
				69E63DE5215DB41700885284 /* Jitomate SaladetteL.png */,
				69E63DE6215DB41700885284 /* Lechuga OrejonaL.png */,
				69E63DE7215DB41800885284 /* Lechuga RomanaL.png */,
				69E63DEA215DB41A00885284 /* ManzanaL.png */,
				69E63DEB215DB41A00885284 /* Papa BlancaL.png */,
				69BAA15121FCDDE6007A80E4 /* Shampoo.png */,
				69BAA15021FCDDD5007A80E4 /* ShampooL.png */,
			);
			path = img;
			sourceTree = "<group>";
		};
		6953CFAA21224ADA0061B7EE = {
			isa = PBXGroup;
			children = (
				6953CFB521224ADA0061B7EE /* CAM */,
				6953CFB421224ADA0061B7EE /* Products */,
				C820A604C2DFC86B85252F68 /* Pods */,
				1809F792A28E2586B34250E5 /* Frameworks */,
			);
			sourceTree = "<group>";
		};
		6953CFB421224ADA0061B7EE /* Products */ = {
			isa = PBXGroup;
			children = (
				6953CFB321224ADA0061B7EE /* CAM.app */,
			);
			name = Products;
			sourceTree = "<group>";
		};
		6953CFB521224ADA0061B7EE /* CAM */ = {
			isa = PBXGroup;
			children = (
				690F2D82213B502600290D41 /* img */,
				79ABCE1D212F6FA300AD190C /* UNAM_logo.png */,
				698C4EDD21236AF0003E4CDD /* logo-cam.png */,
				698C4EDC21236AEF003E4CDD /* menu.png */,
				6915F7ED212522650084BB18 /* number1.png */,
				6915F7EE212522660084BB18 /* number2.png */,
				6915F7EC212522640084BB18 /* number3.png */,
				69B8E95721261BDD007D9554 /* logout.png */,
				69B8E95821261BDD007D9554 /* user.png */,
				69A070C621267E52000A14DA /* settings.png */,
				69F30E34212745CE0087BE3F /* rec.png */,
				69F30E35212745D10087BE3F /* rec1.png */,
				79162C4C21742CAC00EC714A /* estados.json */,
				699DD837214F5CDA00ADBFDA /* AlertController+image.swift */,
				6953CFB621224ADA0061B7EE /* AppDelegate.swift */,
				6953CFB821224ADA0061B7EE /* ViewController.swift */,
				6953CFBA21224ADA0061B7EE /* Main.storyboard */,
				6953CFBD21224ADD0061B7EE /* Assets.xcassets */,
				6953CFBF21224ADD0061B7EE /* LaunchScreen.storyboard */,
				6953CFC221224ADD0061B7EE /* Info.plist */,
				79F18F3E216AB24000E62B4C /* GoogleService-Info.plist */,
				699711692123588D0018FC19 /* ViewControllerInicio.swift */,
				6997116B212361BE0018FC19 /* MenuTableViewController.swift */,
				69A070BC21267738000A14DA /* ViewControllerSesion.swift */,
				69A070BE21267755000A14DA /* ViewControllerPerfil.swift */,
				69A070C021267769000A14DA /* ViewControllerPrivacidad.swift */,
				69A070C2212677EB000A14DA /* ViewControllerResultados.swift */,
				69A070C42126787E000A14DA /* TableViewControllerCuestionarios.swift */,
				6905F94A2135147200CEC69E /* AlimentosCollectionViewController.swift */,
				6905F94C2135158800CEC69E /* AlimentoCollectionViewCell.swift */,
				79162C4A2174238D00EC714A /* LugarViewController.swift */,
				79162C4E2174B97000EC714A /* Cuestiionario.swift */,
				69B73F3D21EAA3DF00F26CEB /* AseoCollectionViewController.swift */,
				69B73F3F21EAA40600F26CEB /* AseoCollectionViewCell.swift */,
				69B73F4121EAA49D00F26CEB /* TransporteCollectionViewCell.swift */,
				69B73F4321EAA4CC00F26CEB /* TransporteCollectionViewController.swift */,
			);
			path = CAM;
			sourceTree = "<group>";
		};
		C820A604C2DFC86B85252F68 /* Pods */ = {
			isa = PBXGroup;
			children = (
				3D311EFA4AF51A010CB21FCA /* Pods-CAM.debug.xcconfig */,
				15E66396DF0394EFD3148889 /* Pods-CAM.release.xcconfig */,
			);
			name = Pods;
			sourceTree = "<group>";
		};
/* End PBXGroup section */

/* Begin PBXNativeTarget section */
		6953CFB221224ADA0061B7EE /* CAM */ = {
			isa = PBXNativeTarget;
			buildConfigurationList = 6953CFC521224ADD0061B7EE /* Build configuration list for PBXNativeTarget "CAM" */;
			buildPhases = (
				344F6ED59FB51D23BABAF6B8 /* [CP] Check Pods Manifest.lock */,
				6953CFAF21224ADA0061B7EE /* Sources */,
				6953CFB021224ADA0061B7EE /* Frameworks */,
				6953CFB121224ADA0061B7EE /* Resources */,
				8016FAA3FCDBF4685004DEBE /* [CP] Embed Pods Frameworks */,
			);
			buildRules = (
			);
			dependencies = (
			);
			name = CAM;
			productName = CAM;
			productReference = 6953CFB321224ADA0061B7EE /* CAM.app */;
			productType = "com.apple.product-type.application";
		};
/* End PBXNativeTarget section */

/* Begin PBXProject section */
		6953CFAB21224ADA0061B7EE /* Project object */ = {
			isa = PBXProject;
			attributes = {
				LastSwiftUpdateCheck = 0940;
				LastUpgradeCheck = 0940;
				ORGANIZATIONNAME = cam;
				TargetAttributes = {
					6953CFB221224ADA0061B7EE = {
						CreatedOnToolsVersion = 9.4;
					};
				};
			};
			buildConfigurationList = 6953CFAE21224ADA0061B7EE /* Build configuration list for PBXProject "CAM" */;
			compatibilityVersion = "Xcode 9.3";
			developmentRegion = en;
			hasScannedForEncodings = 0;
			knownRegions = (
				en,
				Base,
			);
			mainGroup = 6953CFAA21224ADA0061B7EE;
			productRefGroup = 6953CFB421224ADA0061B7EE /* Products */;
			projectDirPath = "";
			projectRoot = "";
			targets = (
				6953CFB221224ADA0061B7EE /* CAM */,
			);
		};
/* End PBXProject section */

/* Begin PBXResourcesBuildPhase section */
		6953CFB121224ADA0061B7EE /* Resources */ = {
			isa = PBXResourcesBuildPhase;
			buildActionMask = 2147483647;
			files = (
				69E63E0F215DC2E800885284 /* Naranja.png in Resources */,
				69E63E44215DD4DA00885284 /* Pescado SierraL.png in Resources */,
				69E63E07215DC03E00885284 /* PepinoL.png in Resources */,
				69E63E39215DD1C500885284 /* Pechuga de Pollo.png in Resources */,
				69E63E23215DC6D100885284 /* Bistec de ResL.png in Resources */,
				69E63E50215DD7C200885284 /* AceiteL.png in Resources */,
				694AA05F215E957A0035475B /* HuevoL.png in Resources */,
				694AA03B215E8E280035475B /* Leche PasteutizadaL.png in Resources */,
				69E63E27215DC7A900885284 /* Retazo de ResL.png in Resources */,
				69E63E3B215DD1C500885284 /* LentejasL.png in Resources */,
				690FE1D6215E879D003DCB66 /* Atun en Agua o Aceite.png in Resources */,
				690FE1D9215E884B003DCB66 /* Sal RefinadaL.png in Resources */,
				699A415821FFA65200BAD608 /* Gas EstacionarioL.png in Resources */,
				694AA04E215E921A0035475B /* Bolillo.png in Resources */,
				69E63E28215DC7A900885284 /* Retazo de Res.png in Resources */,
				690F2D84213B5D2900290D41 /* Jitomate Saladette.png in Resources */,
				69E63DF0215DB41B00885284 /* Cebolla BlancaL.png in Resources */,
				690FE1DD215E8B1F003DCB66 /* Azucar Estandar.png in Resources */,
				69E63DEF215DB41B00885284 /* Lechuga RomanaL.png in Resources */,
				69F30E36212745D20087BE3F /* rec.png in Resources */,
				694AA042215E8FBA0035475B /* Queso BlancoL.png in Resources */,
				69E63E54215DDBDE00885284 /* SardinaL.png in Resources */,
				69400A51214F6D940084A313 /* ZanahoriaL.png in Resources */,
				698C4EDE21236AF0003E4CDD /* menu.png in Resources */,
				69E63E1C215DC4C900885284 /* Platano Tabasco.png in Resources */,
				69E63E04215DBF5900885284 /* EjoteL.png in Resources */,
				69E63E47215DD5EE00885284 /* Arroz.png in Resources */,
				69E63E08215DC03E00885284 /* Pepino.png in Resources */,
				6915F7F1212522670084BB18 /* number2.png in Resources */,
				69E63E32215DD0C100885284 /* Retazo de Pollo Maciza-Pierna.png in Resources */,
				699A415621FFA65200BAD608 /* HipotecaL.png in Resources */,
				694AA062215E96120035475B /* NopalesL.png in Resources */,
				690FE1D5215E879D003DCB66 /* Atun en Agua o AceiteL.png in Resources */,
				69BAA15E21FCE121007A80E4 /* DesodoranteL.png in Resources */,
				69E63E3C215DD1C500885284 /* Pechuga de PolloL.png in Resources */,
				69E63E2B215DC88400885284 /* Pollo Entero.png in Resources */,
				69E63E34215DD0C100885284 /* Pierna con MusloL.png in Resources */,
				694AA063215E96120035475B /* Nopales.png in Resources */,
				69BAA15A21FCE095007A80E4 /* Pasta Dental.png in Resources */,
				698C4EDF21236AF0003E4CDD /* logo-cam.png in Resources */,
				69BAA15821FCE095007A80E4 /* Desinfectante.png in Resources */,
				69E63E13215DC3DE00885284 /* Piña.png in Resources */,
				69E63E4F215DD7C200885284 /* Aceite.png in Resources */,
				69E63E03215DBF5900885284 /* Ejote.png in Resources */,
				69E63E53215DDBDE00885284 /* Sardina.png in Resources */,
				69E63E0B215DC17A00885284 /* Chile Poblano.png in Resources */,
				694AA03A215E8E280035475B /* Leche Pasteurizada.png in Resources */,
				699A415721FFA65200BAD608 /* AutobusL.png in Resources */,
				79F18F3F216AB24000E62B4C /* GoogleService-Info.plist in Resources */,
				69E63E24215DC6D100885284 /* Bistec de Res.png in Resources */,
				690FE1E1215E8BCA003DCB66 /* CafeL.png in Resources */,
				699A415F21FFA65200BAD608 /* RentaL.png in Resources */,
				69E63DEE215DB41B00885284 /* Lechuga OrejonaL.png in Resources */,
				690F2D8E213B68AC00290D41 /* Papa Blanca.png in Resources */,
				69E63DF1215DB41B00885284 /* Chile SerranoL.png in Resources */,
				694AA05B215E94E60035475B /* Detergente en Polvo.png in Resources */,
				694AA057215E93AB0035475B /* Jabon de Tocador.png in Resources */,
				699A415C21FFA65200BAD608 /* Gas Domestico.png in Resources */,
				690FE1E2215E8BCA003DCB66 /* Cafe.png in Resources */,
				699A415921FFA65200BAD608 /* MetrobusL.png in Resources */,
				6907547F2139036300953A8D /* Manzana.png in Resources */,
				694AA047215E90B10035475B /* Agua.png in Resources */,
				694AA03E215E8F530035475B /* Leche Liconsa.png in Resources */,
				69E63E4C215DD69B00885284 /* Sopa de PastaL.png in Resources */,
				699A415A21FFA65200BAD608 /* Autobus.png in Resources */,
				69BAA15321FCDDE6007A80E4 /* Shampoo.png in Resources */,
				69E63E10215DC2E800885284 /* NaranjaL.png in Resources */,
				694AA052215E92C90035475B /* Tortilla de Maiz.png in Resources */,
				69E63DF3215DB41B00885284 /* Papa BlancaL.png in Resources */,
				69A070C721267E53000A14DA /* settings.png in Resources */,
				69E63E17215DC45000885284 /* Papaya.png in Resources */,
				694AA066215E96920035475B /* Papel Higienico.png in Resources */,
				694AA043215E8FBA0035475B /* Queso Blanco.png in Resources */,
				69BAA15F21FCE121007A80E4 /* Desodorante.png in Resources */,
				69E63E1F215DC61500885284 /* Higado de Res.png in Resources */,
				694AA067215E96920035475B /* Papel HigienicoL.png in Resources */,
				699A415421FFA65200BAD608 /* Hipoteca.png in Resources */,
				690F2D88213B60C900290D41 /* Cebolla Blanca.png in Resources */,
				694AA046215E90B10035475B /* AguaL.png in Resources */,
				699A415D21FFA65200BAD608 /* Renta.png in Resources */,
				694AA056215E93AB0035475B /* Jabon de TocadorL.png in Resources */,
				694AA06E215E97FE0035475B /* CalabacitaL.png in Resources */,
				699A415521FFA65200BAD608 /* Metrobus.png in Resources */,
				69BAA15921FCE095007A80E4 /* DesinfectanteL.png in Resources */,
				690FE1DE215E8B1F003DCB66 /* Azucar EstandarL.png in Resources */,
				694AA06B215E97000035475B /* Tomate Verde.png in Resources */,
				699A415E21FFA65200BAD608 /* Gas Estacionario.png in Resources */,
				690F2D8B213B618500290D41 /* Zanahoria.png in Resources */,
				69E63E3F215DD26F00885284 /* Frijol BayoL.png in Resources */,
				69E63E0C215DC17A00885284 /* Chile PoblanoL.png in Resources */,
				69E63DED215DB41B00885284 /* Jitomate SaladetteL.png in Resources */,
				69E63E43215DD4DA00885284 /* Pescado Sierra.png in Resources */,
				69BAA15221FCDDE6007A80E4 /* ShampooL.png in Resources */,
				694AA06F215E97FE0035475B /* Calabacita.png in Resources */,
				690FE1DA215E884B003DCB66 /* Sal Refinada.png in Resources */,
				694AA03F215E8F530035475B /* Leche LiconsaL.png in Resources */,
				69E63DFA215DBBBE00885284 /* Limon sin Semilla.png in Resources */,
				694AA04F215E921A0035475B /* BolilloL.png in Resources */,
				69BAA15B21FCE095007A80E4 /* Pasta DentalL.png in Resources */,
				6915F7F0212522670084BB18 /* number1.png in Resources */,
				69E63DFD215DBC8600885284 /* Chicharo.png in Resources */,
				69E63DFE215DBC8600885284 /* ChicharoL.png in Resources */,
				694AA053215E92C90035475B /* Tortilla de MaizL.png in Resources */,
				69E63E14215DC3DE00885284 /* PiñaL.png in Resources */,
				69E63E2C215DC88400885284 /* Pollo EnteroL.png in Resources */,
				694AA04A215E917A0035475B /* Pan Dulce.png in Resources */,
				6915F7EF212522670084BB18 /* number3.png in Resources */,
				690F2D92213B6AC700290D41 /* Chile Serrano.png in Resources */,
				6953CFC121224ADD0061B7EE /* LaunchScreen.storyboard in Resources */,
				69B8E95A21261BDE007D9554 /* user.png in Resources */,
				6953CFBE21224ADD0061B7EE /* Assets.xcassets in Resources */,
				6953CFBC21224ADA0061B7EE /* Main.storyboard in Resources */,
				69E63E20215DC61500885284 /* Higado de ResL.png in Resources */,
				69E63E18215DC45000885284 /* PapayaL.png in Resources */,
				69E63E00215DBD2300885284 /* Aguacate HassL.png in Resources */,
				699A415B21FFA65200BAD608 /* Gas DomesticoL.png in Resources */,
				690F2D86213B5F7800290D41 /* Lechuga Orejona.png in Resources */,
				69E63E3A215DD1C500885284 /* Lentejas.png in Resources */,
				694AA05E215E957A0035475B /* Huevo.png in Resources */,
				69E63DF9215DBBBE00885284 /* Limon sin SemillaL.png in Resources */,
				690F2D8C213B618500290D41 /* Lechuga Romana.png in Resources */,
				69E63E40215DD26F00885284 /* Frijol Bayo.png in Resources */,
				69E63E1B215DC4C900885284 /* Platano TabascoL.png in Resources */,
				79162C4D21742CAC00EC714A /* estados.json in Resources */,
				69E63E33215DD0C100885284 /* Retazo de Pollo Maciza-PiernaL.png in Resources */,
				69E63DF2215DB41B00885284 /* ManzanaL.png in Resources */,
				79ABCE1E212F6FA300AD190C /* UNAM_logo.png in Resources */,
				694AA04B215E917A0035475B /* Pan DulceL.png in Resources */,
				690F2D90213B69EA00290D41 /* Aguacate Hass.png in Resources */,
				694AA05A215E94E60035475B /* Detergente en PolvoL.png in Resources */,
				69E63E4B215DD69B00885284 /* Sopa de Pasta.png in Resources */,
				69F30E37212745D20087BE3F /* rec1.png in Resources */,
				69B8E95921261BDE007D9554 /* logout.png in Resources */,
				69E63E31215DD0C100885284 /* Pierna con Muslo.png in Resources */,
				69E63E48215DD5EE00885284 /* ArrozL.png in Resources */,
				694AA06A215E97000035475B /* Tomate VerdeL.png in Resources */,
			);
			runOnlyForDeploymentPostprocessing = 0;
		};
/* End PBXResourcesBuildPhase section */

/* Begin PBXShellScriptBuildPhase section */
		344F6ED59FB51D23BABAF6B8 /* [CP] Check Pods Manifest.lock */ = {
			isa = PBXShellScriptBuildPhase;
			buildActionMask = 2147483647;
			files = (
			);
			inputPaths = (
				"${PODS_PODFILE_DIR_PATH}/Podfile.lock",
				"${PODS_ROOT}/Manifest.lock",
			);
			name = "[CP] Check Pods Manifest.lock";
			outputPaths = (
				"$(DERIVED_FILE_DIR)/Pods-CAM-checkManifestLockResult.txt",
			);
			runOnlyForDeploymentPostprocessing = 0;
			shellPath = /bin/sh;
			shellScript = "diff \"${PODS_PODFILE_DIR_PATH}/Podfile.lock\" \"${PODS_ROOT}/Manifest.lock\" > /dev/null\nif [ $? != 0 ] ; then\n    # print error to STDERR\n    echo \"error: The sandbox is not in sync with the Podfile.lock. Run 'pod install' or update your CocoaPods installation.\" >&2\n    exit 1\nfi\n# This output is used by Xcode 'outputs' to avoid re-running this script phase.\necho \"SUCCESS\" > \"${SCRIPT_OUTPUT_FILE_0}\"\n";
			showEnvVarsInLog = 0;
		};
		8016FAA3FCDBF4685004DEBE /* [CP] Embed Pods Frameworks */ = {
			isa = PBXShellScriptBuildPhase;
			buildActionMask = 2147483647;
			files = (
			);
			inputPaths = (
				"${SRCROOT}/Pods/Target Support Files/Pods-CAM/Pods-CAM-frameworks.sh",
				"${BUILT_PRODUCTS_DIR}/Alamofire/Alamofire.framework",
				"${BUILT_PRODUCTS_DIR}/GTMSessionFetcher/GTMSessionFetcher.framework",
				"${BUILT_PRODUCTS_DIR}/GoogleUtilities/GoogleUtilities.framework",
				"${BUILT_PRODUCTS_DIR}/SidebarOverlay/SidebarOverlay.framework",
				"${BUILT_PRODUCTS_DIR}/leveldb-library/leveldb.framework",
				"${BUILT_PRODUCTS_DIR}/nanopb/nanopb.framework",
			);
			name = "[CP] Embed Pods Frameworks";
			outputPaths = (
				"${TARGET_BUILD_DIR}/${FRAMEWORKS_FOLDER_PATH}/Alamofire.framework",
				"${TARGET_BUILD_DIR}/${FRAMEWORKS_FOLDER_PATH}/GTMSessionFetcher.framework",
				"${TARGET_BUILD_DIR}/${FRAMEWORKS_FOLDER_PATH}/GoogleUtilities.framework",
				"${TARGET_BUILD_DIR}/${FRAMEWORKS_FOLDER_PATH}/SidebarOverlay.framework",
				"${TARGET_BUILD_DIR}/${FRAMEWORKS_FOLDER_PATH}/leveldb.framework",
				"${TARGET_BUILD_DIR}/${FRAMEWORKS_FOLDER_PATH}/nanopb.framework",
			);
			runOnlyForDeploymentPostprocessing = 0;
			shellPath = /bin/sh;
			shellScript = "\"${SRCROOT}/Pods/Target Support Files/Pods-CAM/Pods-CAM-frameworks.sh\"\n";
			showEnvVarsInLog = 0;
		};
/* End PBXShellScriptBuildPhase section */

/* Begin PBXSourcesBuildPhase section */
		6953CFAF21224ADA0061B7EE /* Sources */ = {
			isa = PBXSourcesBuildPhase;
			buildActionMask = 2147483647;
			files = (
				69B73F4421EAA4CC00F26CEB /* TransporteCollectionViewController.swift in Sources */,
				6997116C212361BE0018FC19 /* MenuTableViewController.swift in Sources */,
				6905F94B2135147200CEC69E /* AlimentosCollectionViewController.swift in Sources */,
				6953CFB921224ADA0061B7EE /* ViewController.swift in Sources */,
				79162C4B2174238D00EC714A /* LugarViewController.swift in Sources */,
				79162C4F2174B97000EC714A /* Cuestiionario.swift in Sources */,
				6997116A2123588D0018FC19 /* ViewControllerInicio.swift in Sources */,
				69B73F4021EAA40600F26CEB /* AseoCollectionViewCell.swift in Sources */,
				69A070C52126787E000A14DA /* TableViewControllerCuestionarios.swift in Sources */,
				6905F94D2135158800CEC69E /* AlimentoCollectionViewCell.swift in Sources */,
				6953CFB721224ADA0061B7EE /* AppDelegate.swift in Sources */,
				69A070BD21267738000A14DA /* ViewControllerSesion.swift in Sources */,
				69B73F3E21EAA3DF00F26CEB /* AseoCollectionViewController.swift in Sources */,
				69A070C3212677EB000A14DA /* ViewControllerResultados.swift in Sources */,
				69A070BF21267755000A14DA /* ViewControllerPerfil.swift in Sources */,
				69B73F4221EAA49D00F26CEB /* TransporteCollectionViewCell.swift in Sources */,
				69A070C121267769000A14DA /* ViewControllerPrivacidad.swift in Sources */,
				699DD838214F5CDA00ADBFDA /* AlertController+image.swift in Sources */,
			);
			runOnlyForDeploymentPostprocessing = 0;
		};
/* End PBXSourcesBuildPhase section */

/* Begin PBXVariantGroup section */
		6953CFBA21224ADA0061B7EE /* Main.storyboard */ = {
			isa = PBXVariantGroup;
			children = (
				6953CFBB21224ADA0061B7EE /* Base */,
			);
			name = Main.storyboard;
			sourceTree = "<group>";
		};
		6953CFBF21224ADD0061B7EE /* LaunchScreen.storyboard */ = {
			isa = PBXVariantGroup;
			children = (
				6953CFC021224ADD0061B7EE /* Base */,
			);
			name = LaunchScreen.storyboard;
			sourceTree = "<group>";
		};
/* End PBXVariantGroup section */

/* Begin XCBuildConfiguration section */
		6953CFC321224ADD0061B7EE /* Debug */ = {
			isa = XCBuildConfiguration;
			buildSettings = {
				ALWAYS_SEARCH_USER_PATHS = NO;
				CLANG_ANALYZER_NONNULL = YES;
				CLANG_ANALYZER_NUMBER_OBJECT_CONVERSION = YES_AGGRESSIVE;
				CLANG_CXX_LANGUAGE_STANDARD = "gnu++14";
				CLANG_CXX_LIBRARY = "libc++";
				CLANG_ENABLE_MODULES = YES;
				CLANG_ENABLE_OBJC_ARC = YES;
				CLANG_ENABLE_OBJC_WEAK = YES;
				CLANG_WARN_BLOCK_CAPTURE_AUTORELEASING = YES;
				CLANG_WARN_BOOL_CONVERSION = YES;
				CLANG_WARN_COMMA = YES;
				CLANG_WARN_CONSTANT_CONVERSION = YES;
				CLANG_WARN_DEPRECATED_OBJC_IMPLEMENTATIONS = YES;
				CLANG_WARN_DIRECT_OBJC_ISA_USAGE = YES_ERROR;
				CLANG_WARN_DOCUMENTATION_COMMENTS = YES;
				CLANG_WARN_EMPTY_BODY = YES;
				CLANG_WARN_ENUM_CONVERSION = YES;
				CLANG_WARN_INFINITE_RECURSION = YES;
				CLANG_WARN_INT_CONVERSION = YES;
				CLANG_WARN_NON_LITERAL_NULL_CONVERSION = YES;
				CLANG_WARN_OBJC_IMPLICIT_RETAIN_SELF = YES;
				CLANG_WARN_OBJC_LITERAL_CONVERSION = YES;
				CLANG_WARN_OBJC_ROOT_CLASS = YES_ERROR;
				CLANG_WARN_RANGE_LOOP_ANALYSIS = YES;
				CLANG_WARN_STRICT_PROTOTYPES = YES;
				CLANG_WARN_SUSPICIOUS_MOVE = YES;
				CLANG_WARN_UNGUARDED_AVAILABILITY = YES_AGGRESSIVE;
				CLANG_WARN_UNREACHABLE_CODE = YES;
				CLANG_WARN__DUPLICATE_METHOD_MATCH = YES;
				CODE_SIGN_IDENTITY = "iPhone Developer";
				COPY_PHASE_STRIP = NO;
				DEBUG_INFORMATION_FORMAT = dwarf;
				ENABLE_STRICT_OBJC_MSGSEND = YES;
				ENABLE_TESTABILITY = YES;
				GCC_C_LANGUAGE_STANDARD = gnu11;
				GCC_DYNAMIC_NO_PIC = NO;
				GCC_NO_COMMON_BLOCKS = YES;
				GCC_OPTIMIZATION_LEVEL = 0;
				GCC_PREPROCESSOR_DEFINITIONS = (
					"DEBUG=1",
					"$(inherited)",
				);
				GCC_WARN_64_TO_32_BIT_CONVERSION = YES;
				GCC_WARN_ABOUT_RETURN_TYPE = YES_ERROR;
				GCC_WARN_UNDECLARED_SELECTOR = YES;
				GCC_WARN_UNINITIALIZED_AUTOS = YES_AGGRESSIVE;
				GCC_WARN_UNUSED_FUNCTION = YES;
				GCC_WARN_UNUSED_VARIABLE = YES;
				IPHONEOS_DEPLOYMENT_TARGET = 11.4;
				MTL_ENABLE_DEBUG_INFO = YES;
				ONLY_ACTIVE_ARCH = YES;
				SDKROOT = iphoneos;
				SWIFT_ACTIVE_COMPILATION_CONDITIONS = DEBUG;
				SWIFT_OPTIMIZATION_LEVEL = "-Onone";
			};
			name = Debug;
		};
		6953CFC421224ADD0061B7EE /* Release */ = {
			isa = XCBuildConfiguration;
			buildSettings = {
				ALWAYS_SEARCH_USER_PATHS = NO;
				CLANG_ANALYZER_NONNULL = YES;
				CLANG_ANALYZER_NUMBER_OBJECT_CONVERSION = YES_AGGRESSIVE;
				CLANG_CXX_LANGUAGE_STANDARD = "gnu++14";
				CLANG_CXX_LIBRARY = "libc++";
				CLANG_ENABLE_MODULES = YES;
				CLANG_ENABLE_OBJC_ARC = YES;
				CLANG_ENABLE_OBJC_WEAK = YES;
				CLANG_WARN_BLOCK_CAPTURE_AUTORELEASING = YES;
				CLANG_WARN_BOOL_CONVERSION = YES;
				CLANG_WARN_COMMA = YES;
				CLANG_WARN_CONSTANT_CONVERSION = YES;
				CLANG_WARN_DEPRECATED_OBJC_IMPLEMENTATIONS = YES;
				CLANG_WARN_DIRECT_OBJC_ISA_USAGE = YES_ERROR;
				CLANG_WARN_DOCUMENTATION_COMMENTS = YES;
				CLANG_WARN_EMPTY_BODY = YES;
				CLANG_WARN_ENUM_CONVERSION = YES;
				CLANG_WARN_INFINITE_RECURSION = YES;
				CLANG_WARN_INT_CONVERSION = YES;
				CLANG_WARN_NON_LITERAL_NULL_CONVERSION = YES;
				CLANG_WARN_OBJC_IMPLICIT_RETAIN_SELF = YES;
				CLANG_WARN_OBJC_LITERAL_CONVERSION = YES;
				CLANG_WARN_OBJC_ROOT_CLASS = YES_ERROR;
				CLANG_WARN_RANGE_LOOP_ANALYSIS = YES;
				CLANG_WARN_STRICT_PROTOTYPES = YES;
				CLANG_WARN_SUSPICIOUS_MOVE = YES;
				CLANG_WARN_UNGUARDED_AVAILABILITY = YES_AGGRESSIVE;
				CLANG_WARN_UNREACHABLE_CODE = YES;
				CLANG_WARN__DUPLICATE_METHOD_MATCH = YES;
				CODE_SIGN_IDENTITY = "iPhone Developer";
				COPY_PHASE_STRIP = NO;
				DEBUG_INFORMATION_FORMAT = "dwarf-with-dsym";
				ENABLE_NS_ASSERTIONS = NO;
				ENABLE_STRICT_OBJC_MSGSEND = YES;
				GCC_C_LANGUAGE_STANDARD = gnu11;
				GCC_NO_COMMON_BLOCKS = YES;
				GCC_WARN_64_TO_32_BIT_CONVERSION = YES;
				GCC_WARN_ABOUT_RETURN_TYPE = YES_ERROR;
				GCC_WARN_UNDECLARED_SELECTOR = YES;
				GCC_WARN_UNINITIALIZED_AUTOS = YES_AGGRESSIVE;
				GCC_WARN_UNUSED_FUNCTION = YES;
				GCC_WARN_UNUSED_VARIABLE = YES;
				IPHONEOS_DEPLOYMENT_TARGET = 11.4;
				MTL_ENABLE_DEBUG_INFO = NO;
				SDKROOT = iphoneos;
				SWIFT_COMPILATION_MODE = wholemodule;
				SWIFT_OPTIMIZATION_LEVEL = "-O";
				VALIDATE_PRODUCT = YES;
			};
			name = Release;
		};
		6953CFC621224ADD0061B7EE /* Debug */ = {
			isa = XCBuildConfiguration;
			baseConfigurationReference = 3D311EFA4AF51A010CB21FCA /* Pods-CAM.debug.xcconfig */;
			buildSettings = {
				ASSETCATALOG_COMPILER_APPICON_NAME = AppIcon;
				CODE_SIGN_STYLE = Automatic;
				DEVELOPMENT_TEAM = 96AXA585D4;
				INFOPLIST_FILE = CAM/Info.plist;
				IPHONEOS_DEPLOYMENT_TARGET = 9.3;
				LD_RUNPATH_SEARCH_PATHS = (
					"$(inherited)",
					"@executable_path/Frameworks",
				);
				PRODUCT_BUNDLE_IDENTIFIER = matias.fructuoso.CAM;
				PRODUCT_NAME = "$(TARGET_NAME)";
				SWIFT_VERSION = 4.0;
				TARGETED_DEVICE_FAMILY = 1;
			};
			name = Debug;
		};
		6953CFC721224ADD0061B7EE /* Release */ = {
			isa = XCBuildConfiguration;
			baseConfigurationReference = 15E66396DF0394EFD3148889 /* Pods-CAM.release.xcconfig */;
			buildSettings = {
				ASSETCATALOG_COMPILER_APPICON_NAME = AppIcon;
				CODE_SIGN_STYLE = Automatic;
				DEVELOPMENT_TEAM = 96AXA585D4;
				INFOPLIST_FILE = CAM/Info.plist;
				IPHONEOS_DEPLOYMENT_TARGET = 9.3;
				LD_RUNPATH_SEARCH_PATHS = (
					"$(inherited)",
					"@executable_path/Frameworks",
				);
				PRODUCT_BUNDLE_IDENTIFIER = matias.fructuoso.CAM;
				PRODUCT_NAME = "$(TARGET_NAME)";
				SWIFT_VERSION = 4.0;
				TARGETED_DEVICE_FAMILY = 1;
			};
			name = Release;
		};
/* End XCBuildConfiguration section */

/* Begin XCConfigurationList section */
		6953CFAE21224ADA0061B7EE /* Build configuration list for PBXProject "CAM" */ = {
			isa = XCConfigurationList;
			buildConfigurations = (
				6953CFC321224ADD0061B7EE /* Debug */,
				6953CFC421224ADD0061B7EE /* Release */,
			);
			defaultConfigurationIsVisible = 0;
			defaultConfigurationName = Release;
		};
		6953CFC521224ADD0061B7EE /* Build configuration list for PBXNativeTarget "CAM" */ = {
			isa = XCConfigurationList;
			buildConfigurations = (
				6953CFC621224ADD0061B7EE /* Debug */,
				6953CFC721224ADD0061B7EE /* Release */,
			);
			defaultConfigurationIsVisible = 0;
			defaultConfigurationName = Release;
		};
/* End XCConfigurationList section */
	};
	rootObject = 6953CFAB21224ADA0061B7EE /* Project object */;
}
